
Microsoft Visual Studio Solution File, Format Version 12.00
# Visual Studio 15
Project("{FAE04EC0-301F-11D3-BF4B-00C04F79EFBC}") = "Oculus.Interaction.Editor", "Oculus.Interaction.Editor.csproj", "{7B092731-51B2-1B4C-A53F-76919AFF4968}"
EndProject
Project("{FAE04EC0-301F-11D3-BF4B-00C04F79EFBC}") = "Meta.WitAi.Conduit", "Meta.WitAi.Conduit.csproj", "{C56F2ECC-5E1F-F461-9AE7-2BB1CF7B036A}"
EndProject
Project("{FAE04EC0-301F-11D3-BF4B-00C04F79EFBC}") = "Oculus.VR", "Oculus.VR.csproj", "{E41ADF1B-690E-4D3B-5831-B3B22EF4B99F}"
EndProject
Project("{FAE04EC0-301F-11D3-BF4B-00C04F79EFBC}") = "Oculus.Interaction", "Oculus.Interaction.csproj", "{A90921B2-1F58-872A-D96F-C721CE08DB2A}"
EndProject
Project("{FAE04EC0-301F-11D3-BF4B-00C04F79EFBC}") = "Meta.Voice.Samples.ShapesConduit", "Meta.Voice.Samples.ShapesConduit.csproj", "{031E8D6A-6653-EA76-C051-592B41357B13}"
EndProject
Project("{FAE04EC0-301F-11D3-BF4B-00C04F79EFBC}") = "Meta.WitAi.Editor", "Meta.WitAi.Editor.csproj", "{B6E29EA9-14E5-118F-3995-12EA4023AC5A}"
EndProject
Project("{FAE04EC0-301F-11D3-BF4B-00C04F79EFBC}") = "Oculus.Platform", "Oculus.Platform.csproj", "{4EA87FAA-E5F5-003D-A615-6EA083DFE10B}"
EndProject
Project("{FAE04EC0-301F-11D3-BF4B-00C04F79EFBC}") = "Meta.WitAi.Conduit.Editor", "Meta.WitAi.Conduit.Editor.csproj", "{9A1B2E4D-A749-0FD2-1D8A-50D2A6339F89}"
EndProject
Project("{FAE04EC0-301F-11D3-BF4B-00C04F79EFBC}") = "Meta.WitAi", "Meta.WitAi.csproj", "{9169D488-B526-B258-1B64-5F656E2D4F29}"
EndProject
Project("{FAE04EC0-301F-11D3-BF4B-00C04F79EFBC}") = "Oculus.Interaction.OVR.Samples", "Oculus.Interaction.OVR.Samples.csproj", "{151AAA6C-88C1-2CCD-E5D0-C77DD51F5150}"
EndProject
Project("{FAE04EC0-301F-11D3-BF4B-00C04F79EFBC}") = "Assembly-CSharp", "Assembly-CSharp.csproj", "{2AD3D2F5-F89A-4E65-8D26-1AF5F2602DC6}"
EndProject
Project("{FAE04EC0-301F-11D3-BF4B-00C04F79EFBC}") = "Meta.WitAi.Lib", "Meta.WitAi.Lib.csproj", "{F2C9AC16-84A7-CEED-9EBB-84F3F5C419B9}"
EndProject
Project("{FAE04EC0-301F-11D3-BF4B-00C04F79EFBC}") = "Oculus.VR.Editor", "Oculus.VR.Editor.csproj", "{9E076381-1845-B471-918A-6EC4249E86E8}"
EndProject
Project("{FAE04EC0-301F-11D3-BF4B-00C04F79EFBC}") = "Meta.Voice.Hub.Runtime", "Meta.Voice.Hub.Runtime.csproj", "{C16417F4-9203-BE93-C388-C8142AB90C29}"
EndProject
Project("{FAE04EC0-301F-11D3-BF4B-00C04F79EFBC}") = "VoiceSDK.Dictation.Runtime", "VoiceSDK.Dictation.Runtime.csproj", "{BD9D3624-C4D1-9376-E040-C074BCB20805}"
EndProject
Project("{FAE04EC0-301F-11D3-BF4B-00C04F79EFBC}") = "Oculus.LipSync", "Oculus.LipSync.csproj", "{3227416A-9FBF-8E8B-73DD-66363840C02B}"
EndProject
Project("{FAE04EC0-301F-11D3-BF4B-00C04F79EFBC}") = "Oculus.Interaction.OVR", "Oculus.Interaction.OVR.csproj", "{6E876C34-4A82-91C6-9CF7-6C77A437336C}"
EndProject
Project("{FAE04EC0-301F-11D3-BF4B-00C04F79EFBC}") = "Meta.Voice.Hub.Editor", "Meta.Voice.Hub.Editor.csproj", "{05D2B2B2-6DA2-E8BA-057A-897810EDE086}"
EndProject
Project("{FAE04EC0-301F-11D3-BF4B-00C04F79EFBC}") = "VoiceSDK.Editor", "VoiceSDK.Editor.csproj", "{B7818BBB-33EA-2151-1E6E-B8D715E567A6}"
EndProject
Project("{FAE04EC0-301F-11D3-BF4B-00C04F79EFBC}") = "Meta.WitAI.Lib.Editor", "Meta.WitAI.Lib.Editor.csproj", "{1C5696F1-69A0-CC6E-14FB-DC1CF31422D4}"
EndProject
Project("{FAE04EC0-301F-11D3-BF4B-00C04F79EFBC}") = "Oculus.Spatializer.Editor", "Oculus.Spatializer.Editor.csproj", "{492B04D0-7D3D-C6F3-C662-34DC011F78FC}"
EndProject
Project("{FAE04EC0-301F-11D3-BF4B-00C04F79EFBC}") = "Oculus.AudioManager", "Oculus.AudioManager.csproj", "{7D6DB37D-F326-FBAE-4960-D7EE8EDBC57F}"
EndProject
Project("{FAE04EC0-301F-11D3-BF4B-00C04F79EFBC}") = "AssistantCoreSDKRuntime", "AssistantCoreSDKRuntime.csproj", "{9DD2FA64-337E-95C7-2A04-F8791CCF643E}"
EndProject
Project("{FAE04EC0-301F-11D3-BF4B-00C04F79EFBC}") = "VoiceSDK.Runtime", "VoiceSDK.Runtime.csproj", "{72EF9D41-819B-5721-EAD3-92DAE5EAC98F}"
EndProject
Project("{FAE04EC0-301F-11D3-BF4B-00C04F79EFBC}") = "Facebook.Wit.Dictation", "Facebook.Wit.Dictation.csproj", "{59ACCA93-6455-1DFC-8219-BB60776D261A}"
EndProject
Project("{FAE04EC0-301F-11D3-BF4B-00C04F79EFBC}") = "Meta.Voice.Samples.BuiltInTimer", "Meta.Voice.Samples.BuiltInTimer.csproj", "{9FCA9584-62F2-7FD0-3FD4-DB354FC7EC2C}"
EndProject
Project("{FAE04EC0-301F-11D3-BF4B-00C04F79EFBC}") = "Oculus.Platform.Editor", "Oculus.Platform.Editor.csproj", "{797B6832-D365-86F7-AD2F-89AB14FF7807}"
EndProject
Project("{FAE04EC0-301F-11D3-BF4B-00C04F79EFBC}") = "Meta.Voice.Samples.TTSVoices", "Meta.Voice.Samples.TTSVoices.csproj", "{633F4F04-878B-5EA3-3DE7-F904257603FE}"
EndProject
Project("{FAE04EC0-301F-11D3-BF4B-00C04F79EFBC}") = "Meta.Voice.VSDKHub.Editor", "Meta.Voice.VSDKHub.Editor.csproj", "{A7831504-EF4C-D55E-4F5C-4330FB714DA8}"
EndProject
Project("{FAE04EC0-301F-11D3-BF4B-00C04F79EFBC}") = "Meta.WitAi.TTS", "Meta.WitAi.TTS.csproj", "{AC072D42-F0F3-C113-CD40-6167AD703D51}"
EndProject
Project("{FAE04EC0-301F-11D3-BF4B-00C04F79EFBC}") = "Oculus.AudioManager.Audio.Editor", "Oculus.AudioManager.Audio.Editor.csproj", "{F485D639-B3D0-69F3-F7B2-5EF214C10317}"
EndProject
Project("{FAE04EC0-301F-11D3-BF4B-00C04F79EFBC}") = "Assembly-CSharp-Editor", "Assembly-CSharp-Editor.csproj", "{D1CFD90D-B331-CBC6-EBED-7E8C09879F68}"
EndProject
Project("{FAE04EC0-301F-11D3-BF4B-00C04F79EFBC}") = "Meta.Voice.Samples.Chess", "Meta.Voice.Samples.Chess.csproj", "{29620FD1-D2F7-DA1D-734A-5488D4F847E5}"
EndProject
Project("{FAE04EC0-301F-11D3-BF4B-00C04F79EFBC}") = "Oculus.VR.Scripts.Editor", "Oculus.VR.Scripts.Editor.csproj", "{FA528AEF-35DA-0F00-ED9C-A0CC7E6E9E17}"
EndProject
Project("{FAE04EC0-301F-11D3-BF4B-00C04F79EFBC}") = "Meta.Voice.Samples.LightTraits", "Meta.Voice.Samples.LightTraits.csproj", "{87A99F22-8529-508B-E7D4-2E01DC652DF7}"
EndProject
Project("{FAE04EC0-301F-11D3-BF4B-00C04F79EFBC}") = "VoiceSDK.Dictation.Samples", "VoiceSDK.Dictation.Samples.csproj", "{8FA0ACAF-C4A2-BCC0-AAC7-ADA0C73CC9AC}"
EndProject
Project("{FAE04EC0-301F-11D3-BF4B-00C04F79EFBC}") = "Meta.Voice.Samples.Shapes", "Meta.Voice.Samples.Shapes.csproj", "{3F7FB426-4044-4C03-C4C1-69F1F16D970E}"
EndProject
Project("{FAE04EC0-301F-11D3-BF4B-00C04F79EFBC}") = "Oculus.Interaction.Samples.Editor", "Oculus.Interaction.Samples.Editor.csproj", "{485DAB81-5447-13A1-5016-3990EAECA734}"
EndProject
Project("{FAE04EC0-301F-11D3-BF4B-00C04F79EFBC}") = "Meta.WitAi.TTS.Editor", "Meta.WitAi.TTS.Editor.csproj", "{EEE6F834-50E5-F397-44B0-156BE03F498E}"
EndProject
Project("{FAE04EC0-301F-11D3-BF4B-00C04F79EFBC}") = "Oculus.Interaction.OVR.Editor", "Oculus.Interaction.OVR.Editor.csproj", "{E99312AF-6C1B-5F0E-F4A5-B9834B8AF990}"
EndProject
Project("{FAE04EC0-301F-11D3-BF4B-00C04F79EFBC}") = "Oculus.Spatializer", "Oculus.Spatializer.csproj", "{1848366A-B20D-67FC-1FBC-3AFE138DC362}"
EndProject
Project("{FAE04EC0-301F-11D3-BF4B-00C04F79EFBC}") = "Oculus.LipSync.Editor", "Oculus.LipSync.Editor.csproj", "{27865104-1AD1-B168-8CE0-3774239125BC}"
EndProject
Project("{FAE04EC0-301F-11D3-BF4B-00C04F79EFBC}") = "Oculus.AudioManager.Utils.Editor", "Oculus.AudioManager.Utils.Editor.csproj", "{5C19C0B5-5F20-6073-BEE1-A4D603804940}"
EndProject
Project("{FAE04EC0-301F-11D3-BF4B-00C04F79EFBC}") = "Meta.VoiceSDK.Mic.Common", "Meta.VoiceSDK.Mic.Common.csproj", "{92D84DCF-39AB-DCCD-8C2C-00EAC55F5E8F}"
EndProject
Project("{FAE04EC0-301F-11D3-BF4B-00C04F79EFBC}") = "VoiceSDK.Dictation.Editor", "VoiceSDK.Dictation.Editor.csproj", "{7C8C4630-B43C-89E0-8D21-BA2BA85CCBDF}"
EndProject
Project("{FAE04EC0-301F-11D3-BF4B-00C04F79EFBC}") = "Meta.VoiceSDK.Mic.Other", "Meta.VoiceSDK.Mic.Other.csproj", "{472F98E0-3090-E812-D812-204C02CA41FB}"
EndProject
Project("{FAE04EC0-301F-11D3-BF4B-00C04F79EFBC}") = "AssistantCoreSDKEditor", "AssistantCoreSDKEditor.csproj", "{438CDA30-D6FD-ACB2-AF39-E6F87263034F}"
EndProject
Project("{FAE04EC0-301F-11D3-BF4B-00C04F79EFBC}") = "Oculus.Interaction.InterfaceSupport", "Oculus.Interaction.InterfaceSupport.csproj", "{332D3410-175B-8CF2-A5B8-DBB941616632}"
EndProject
Project("{FAE04EC0-301F-11D3-BF4B-00C04F79EFBC}") = "Meta.Voice.Samples.LiveUnderstanding", "Meta.Voice.Samples.LiveUnderstanding.csproj", "{ABF6D1EA-20DE-43EF-CF7C-AC845193EF9C}"
EndProject
Project("{FAE04EC0-301F-11D3-BF4B-00C04F79EFBC}") = "Facebook.Wit.Dictation.Editor", "Facebook.Wit.Dictation.Editor.csproj", "{18E20791-1AE2-9DE0-AE08-93660B93C5F4}"
EndProject
Project("{FAE04EC0-301F-11D3-BF4B-00C04F79EFBC}") = "Meta.VoiceSDK.Mic.WebGL", "Meta.VoiceSDK.Mic.WebGL.csproj", "{2182A217-9C0C-574B-AE4D-D504E9DEB626}"
EndProject
Global
	GlobalSection(SolutionConfigurationPlatforms) = preSolution
		Debug|Any CPU = Debug|Any CPU
		Release|Any CPU = Release|Any CPU
	EndGlobalSection
	GlobalSection(ProjectConfigurationPlatforms) = postSolution
		{7B092731-51B2-1B4C-A53F-76919AFF4968}.Debug|Any CPU.ActiveCfg = Debug|Any CPU
		{7B092731-51B2-1B4C-A53F-76919AFF4968}.Debug|Any CPU.Build.0 = Debug|Any CPU
		{7B092731-51B2-1B4C-A53F-76919AFF4968}.Release|Any CPU.ActiveCfg = Release|Any CPU
		{7B092731-51B2-1B4C-A53F-76919AFF4968}.Release|Any CPU.Build.0 = Release|Any CPU
		{C56F2ECC-5E1F-F461-9AE7-2BB1CF7B036A}.Debug|Any CPU.ActiveCfg = Debug|Any CPU
		{C56F2ECC-5E1F-F461-9AE7-2BB1CF7B036A}.Debug|Any CPU.Build.0 = Debug|Any CPU
		{C56F2ECC-5E1F-F461-9AE7-2BB1CF7B036A}.Release|Any CPU.ActiveCfg = Release|Any CPU
		{C56F2ECC-5E1F-F461-9AE7-2BB1CF7B036A}.Release|Any CPU.Build.0 = Release|Any CPU
		{E41ADF1B-690E-4D3B-5831-B3B22EF4B99F}.Debug|Any CPU.ActiveCfg = Debug|Any CPU
		{E41ADF1B-690E-4D3B-5831-B3B22EF4B99F}.Debug|Any CPU.Build.0 = Debug|Any CPU
		{E41ADF1B-690E-4D3B-5831-B3B22EF4B99F}.Release|Any CPU.ActiveCfg = Release|Any CPU
		{E41ADF1B-690E-4D3B-5831-B3B22EF4B99F}.Release|Any CPU.Build.0 = Release|Any CPU
		{A90921B2-1F58-872A-D96F-C721CE08DB2A}.Debug|Any CPU.ActiveCfg = Debug|Any CPU
		{A90921B2-1F58-872A-D96F-C721CE08DB2A}.Debug|Any CPU.Build.0 = Debug|Any CPU
		{A90921B2-1F58-872A-D96F-C721CE08DB2A}.Release|Any CPU.ActiveCfg = Release|Any CPU
		{A90921B2-1F58-872A-D96F-C721CE08DB2A}.Release|Any CPU.Build.0 = Release|Any CPU
		{031E8D6A-6653-EA76-C051-592B41357B13}.Debug|Any CPU.ActiveCfg = Debug|Any CPU
		{031E8D6A-6653-EA76-C051-592B41357B13}.Debug|Any CPU.Build.0 = Debug|Any CPU
		{031E8D6A-6653-EA76-C051-592B41357B13}.Release|Any CPU.ActiveCfg = Release|Any CPU
		{031E8D6A-6653-EA76-C051-592B41357B13}.Release|Any CPU.Build.0 = Release|Any CPU
		{B6E29EA9-14E5-118F-3995-12EA4023AC5A}.Debug|Any CPU.ActiveCfg = Debug|Any CPU
		{B6E29EA9-14E5-118F-3995-12EA4023AC5A}.Debug|Any CPU.Build.0 = Debug|Any CPU
		{B6E29EA9-14E5-118F-3995-12EA4023AC5A}.Release|Any CPU.ActiveCfg = Release|Any CPU
		{B6E29EA9-14E5-118F-3995-12EA4023AC5A}.Release|Any CPU.Build.0 = Release|Any CPU
		{4EA87FAA-E5F5-003D-A615-6EA083DFE10B}.Debug|Any CPU.ActiveCfg = Debug|Any CPU
		{4EA87FAA-E5F5-003D-A615-6EA083DFE10B}.Debug|Any CPU.Build.0 = Debug|Any CPU
		{4EA87FAA-E5F5-003D-A615-6EA083DFE10B}.Release|Any CPU.ActiveCfg = Release|Any CPU
		{4EA87FAA-E5F5-003D-A615-6EA083DFE10B}.Release|Any CPU.Build.0 = Release|Any CPU
		{9A1B2E4D-A749-0FD2-1D8A-50D2A6339F89}.Debug|Any CPU.ActiveCfg = Debug|Any CPU
		{9A1B2E4D-A749-0FD2-1D8A-50D2A6339F89}.Debug|Any CPU.Build.0 = Debug|Any CPU
		{9A1B2E4D-A749-0FD2-1D8A-50D2A6339F89}.Release|Any CPU.ActiveCfg = Release|Any CPU
		{9A1B2E4D-A749-0FD2-1D8A-50D2A6339F89}.Release|Any CPU.Build.0 = Release|Any CPU
		{9169D488-B526-B258-1B64-5F656E2D4F29}.Debug|Any CPU.ActiveCfg = Debug|Any CPU
		{9169D488-B526-B258-1B64-5F656E2D4F29}.Debug|Any CPU.Build.0 = Debug|Any CPU
		{9169D488-B526-B258-1B64-5F656E2D4F29}.Release|Any CPU.ActiveCfg = Release|Any CPU
		{9169D488-B526-B258-1B64-5F656E2D4F29}.Release|Any CPU.Build.0 = Release|Any CPU
		{151AAA6C-88C1-2CCD-E5D0-C77DD51F5150}.Debug|Any CPU.ActiveCfg = Debug|Any CPU
		{151AAA6C-88C1-2CCD-E5D0-C77DD51F5150}.Debug|Any CPU.Build.0 = Debug|Any CPU
		{151AAA6C-88C1-2CCD-E5D0-C77DD51F5150}.Release|Any CPU.ActiveCfg = Release|Any CPU
		{151AAA6C-88C1-2CCD-E5D0-C77DD51F5150}.Release|Any CPU.Build.0 = Release|Any CPU
		{2AD3D2F5-F89A-4E65-8D26-1AF5F2602DC6}.Debug|Any CPU.ActiveCfg = Debug|Any CPU
		{2AD3D2F5-F89A-4E65-8D26-1AF5F2602DC6}.Debug|Any CPU.Build.0 = Debug|Any CPU
		{2AD3D2F5-F89A-4E65-8D26-1AF5F2602DC6}.Release|Any CPU.ActiveCfg = Release|Any CPU
		{2AD3D2F5-F89A-4E65-8D26-1AF5F2602DC6}.Release|Any CPU.Build.0 = Release|Any CPU
		{F2C9AC16-84A7-CEED-9EBB-84F3F5C419B9}.Debug|Any CPU.ActiveCfg = Debug|Any CPU
		{F2C9AC16-84A7-CEED-9EBB-84F3F5C419B9}.Debug|Any CPU.Build.0 = Debug|Any CPU
		{F2C9AC16-84A7-CEED-9EBB-84F3F5C419B9}.Release|Any CPU.ActiveCfg = Release|Any CPU
		{F2C9AC16-84A7-CEED-9EBB-84F3F5C419B9}.Release|Any CPU.Build.0 = Release|Any CPU
		{9E076381-1845-B471-918A-6EC4249E86E8}.Debug|Any CPU.ActiveCfg = Debug|Any CPU
		{9E076381-1845-B471-918A-6EC4249E86E8}.Debug|Any CPU.Build.0 = Debug|Any CPU
		{9E076381-1845-B471-918A-6EC4249E86E8}.Release|Any CPU.ActiveCfg = Release|Any CPU
		{9E076381-1845-B471-918A-6EC4249E86E8}.Release|Any CPU.Build.0 = Release|Any CPU
		{C16417F4-9203-BE93-C388-C8142AB90C29}.Debug|Any CPU.ActiveCfg = Debug|Any CPU
		{C16417F4-9203-BE93-C388-C8142AB90C29}.Debug|Any CPU.Build.0 = Debug|Any CPU
		{C16417F4-9203-BE93-C388-C8142AB90C29}.Release|Any CPU.ActiveCfg = Release|Any CPU
		{C16417F4-9203-BE93-C388-C8142AB90C29}.Release|Any CPU.Build.0 = Release|Any CPU
		{BD9D3624-C4D1-9376-E040-C074BCB20805}.Debug|Any CPU.ActiveCfg = Debug|Any CPU
		{BD9D3624-C4D1-9376-E040-C074BCB20805}.Debug|Any CPU.Build.0 = Debug|Any CPU
		{BD9D3624-C4D1-9376-E040-C074BCB20805}.Release|Any CPU.ActiveCfg = Release|Any CPU
		{BD9D3624-C4D1-9376-E040-C074BCB20805}.Release|Any CPU.Build.0 = Release|Any CPU
		{3227416A-9FBF-8E8B-73DD-66363840C02B}.Debug|Any CPU.ActiveCfg = Debug|Any CPU
		{3227416A-9FBF-8E8B-73DD-66363840C02B}.Debug|Any CPU.Build.0 = Debug|Any CPU
		{3227416A-9FBF-8E8B-73DD-66363840C02B}.Release|Any CPU.ActiveCfg = Release|Any CPU
		{3227416A-9FBF-8E8B-73DD-66363840C02B}.Release|Any CPU.Build.0 = Release|Any CPU
		{6E876C34-4A82-91C6-9CF7-6C77A437336C}.Debug|Any CPU.ActiveCfg = Debug|Any CPU
		{6E876C34-4A82-91C6-9CF7-6C77A437336C}.Debug|Any CPU.Build.0 = Debug|Any CPU
		{6E876C34-4A82-91C6-9CF7-6C77A437336C}.Release|Any CPU.ActiveCfg = Release|Any CPU
		{6E876C34-4A82-91C6-9CF7-6C77A437336C}.Release|Any CPU.Build.0 = Release|Any CPU
		{05D2B2B2-6DA2-E8BA-057A-897810EDE086}.Debug|Any CPU.ActiveCfg = Debug|Any CPU
		{05D2B2B2-6DA2-E8BA-057A-897810EDE086}.Debug|Any CPU.Build.0 = Debug|Any CPU
		{05D2B2B2-6DA2-E8BA-057A-897810EDE086}.Release|Any CPU.ActiveCfg = Release|Any CPU
		{05D2B2B2-6DA2-E8BA-057A-897810EDE086}.Release|Any CPU.Build.0 = Release|Any CPU
		{B7818BBB-33EA-2151-1E6E-B8D715E567A6}.Debug|Any CPU.ActiveCfg = Debug|Any CPU
		{B7818BBB-33EA-2151-1E6E-B8D715E567A6}.Debug|Any CPU.Build.0 = Debug|Any CPU
		{B7818BBB-33EA-2151-1E6E-B8D715E567A6}.Release|Any CPU.ActiveCfg = Release|Any CPU
		{B7818BBB-33EA-2151-1E6E-B8D715E567A6}.Release|Any CPU.Build.0 = Release|Any CPU
		{1C5696F1-69A0-CC6E-14FB-DC1CF31422D4}.Debug|Any CPU.ActiveCfg = Debug|Any CPU
		{1C5696F1-69A0-CC6E-14FB-DC1CF31422D4}.Debug|Any CPU.Build.0 = Debug|Any CPU
		{1C5696F1-69A0-CC6E-14FB-DC1CF31422D4}.Release|Any CPU.ActiveCfg = Release|Any CPU
		{1C5696F1-69A0-CC6E-14FB-DC1CF31422D4}.Release|Any CPU.Build.0 = Release|Any CPU
		{492B04D0-7D3D-C6F3-C662-34DC011F78FC}.Debug|Any CPU.ActiveCfg = Debug|Any CPU
		{492B04D0-7D3D-C6F3-C662-34DC011F78FC}.Debug|Any CPU.Build.0 = Debug|Any CPU
		{492B04D0-7D3D-C6F3-C662-34DC011F78FC}.Release|Any CPU.ActiveCfg = Release|Any CPU
		{492B04D0-7D3D-C6F3-C662-34DC011F78FC}.Release|Any CPU.Build.0 = Release|Any CPU
		{7D6DB37D-F326-FBAE-4960-D7EE8EDBC57F}.Debug|Any CPU.ActiveCfg = Debug|Any CPU
		{7D6DB37D-F326-FBAE-4960-D7EE8EDBC57F}.Debug|Any CPU.Build.0 = Debug|Any CPU
		{7D6DB37D-F326-FBAE-4960-D7EE8EDBC57F}.Release|Any CPU.ActiveCfg = Release|Any CPU
		{7D6DB37D-F326-FBAE-4960-D7EE8EDBC57F}.Release|Any CPU.Build.0 = Release|Any CPU
		{9DD2FA64-337E-95C7-2A04-F8791CCF643E}.Debug|Any CPU.ActiveCfg = Debug|Any CPU
		{9DD2FA64-337E-95C7-2A04-F8791CCF643E}.Debug|Any CPU.Build.0 = Debug|Any CPU
		{9DD2FA64-337E-95C7-2A04-F8791CCF643E}.Release|Any CPU.ActiveCfg = Release|Any CPU
		{9DD2FA64-337E-95C7-2A04-F8791CCF643E}.Release|Any CPU.Build.0 = Release|Any CPU
		{72EF9D41-819B-5721-EAD3-92DAE5EAC98F}.Debug|Any CPU.ActiveCfg = Debug|Any CPU
		{72EF9D41-819B-5721-EAD3-92DAE5EAC98F}.Debug|Any CPU.Build.0 = Debug|Any CPU
		{72EF9D41-819B-5721-EAD3-92DAE5EAC98F}.Release|Any CPU.ActiveCfg = Release|Any CPU
		{72EF9D41-819B-5721-EAD3-92DAE5EAC98F}.Release|Any CPU.Build.0 = Release|Any CPU
		{59ACCA93-6455-1DFC-8219-BB60776D261A}.Debug|Any CPU.ActiveCfg = Debug|Any CPU
		{59ACCA93-6455-1DFC-8219-BB60776D261A}.Debug|Any CPU.Build.0 = Debug|Any CPU
		{59ACCA93-6455-1DFC-8219-BB60776D261A}.Release|Any CPU.ActiveCfg = Release|Any CPU
		{59ACCA93-6455-1DFC-8219-BB60776D261A}.Release|Any CPU.Build.0 = Release|Any CPU
		{9FCA9584-62F2-7FD0-3FD4-DB354FC7EC2C}.Debug|Any CPU.ActiveCfg = Debug|Any CPU
		{9FCA9584-62F2-7FD0-3FD4-DB354FC7EC2C}.Debug|Any CPU.Build.0 = Debug|Any CPU
		{9FCA9584-62F2-7FD0-3FD4-DB354FC7EC2C}.Release|Any CPU.ActiveCfg = Release|Any CPU
		{9FCA9584-62F2-7FD0-3FD4-DB354FC7EC2C}.Release|Any CPU.Build.0 = Release|Any CPU
		{797B6832-D365-86F7-AD2F-89AB14FF7807}.Debug|Any CPU.ActiveCfg = Debug|Any CPU
		{797B6832-D365-86F7-AD2F-89AB14FF7807}.Debug|Any CPU.Build.0 = Debug|Any CPU
		{797B6832-D365-86F7-AD2F-89AB14FF7807}.Release|Any CPU.ActiveCfg = Release|Any CPU
		{797B6832-D365-86F7-AD2F-89AB14FF7807}.Release|Any CPU.Build.0 = Release|Any CPU
		{633F4F04-878B-5EA3-3DE7-F904257603FE}.Debug|Any CPU.ActiveCfg = Debug|Any CPU
		{633F4F04-878B-5EA3-3DE7-F904257603FE}.Debug|Any CPU.Build.0 = Debug|Any CPU
		{633F4F04-878B-5EA3-3DE7-F904257603FE}.Release|Any CPU.ActiveCfg = Release|Any CPU
		{633F4F04-878B-5EA3-3DE7-F904257603FE}.Release|Any CPU.Build.0 = Release|Any CPU
		{A7831504-EF4C-D55E-4F5C-4330FB714DA8}.Debug|Any CPU.ActiveCfg = Debug|Any CPU
		{A7831504-EF4C-D55E-4F5C-4330FB714DA8}.Debug|Any CPU.Build.0 = Debug|Any CPU
		{A7831504-EF4C-D55E-4F5C-4330FB714DA8}.Release|Any CPU.ActiveCfg = Release|Any CPU
		{A7831504-EF4C-D55E-4F5C-4330FB714DA8}.Release|Any CPU.Build.0 = Release|Any CPU
		{AC072D42-F0F3-C113-CD40-6167AD703D51}.Debug|Any CPU.ActiveCfg = Debug|Any CPU
		{AC072D42-F0F3-C113-CD40-6167AD703D51}.Debug|Any CPU.Build.0 = Debug|Any CPU
		{AC072D42-F0F3-C113-CD40-6167AD703D51}.Release|Any CPU.ActiveCfg = Release|Any CPU
		{AC072D42-F0F3-C113-CD40-6167AD703D51}.Release|Any CPU.Build.0 = Release|Any CPU
		{F485D639-B3D0-69F3-F7B2-5EF214C10317}.Debug|Any CPU.ActiveCfg = Debug|Any CPU
		{F485D639-B3D0-69F3-F7B2-5EF214C10317}.Debug|Any CPU.Build.0 = Debug|Any CPU
		{F485D639-B3D0-69F3-F7B2-5EF214C10317}.Release|Any CPU.ActiveCfg = Release|Any CPU
		{F485D639-B3D0-69F3-F7B2-5EF214C10317}.Release|Any CPU.Build.0 = Release|Any CPU
		{D1CFD90D-B331-CBC6-EBED-7E8C09879F68}.Debug|Any CPU.ActiveCfg = Debug|Any CPU
		{D1CFD90D-B331-CBC6-EBED-7E8C09879F68}.Debug|Any CPU.Build.0 = Debug|Any CPU
		{D1CFD90D-B331-CBC6-EBED-7E8C09879F68}.Release|Any CPU.ActiveCfg = Release|Any CPU
		{D1CFD90D-B331-CBC6-EBED-7E8C09879F68}.Release|Any CPU.Build.0 = Release|Any CPU
		{29620FD1-D2F7-DA1D-734A-5488D4F847E5}.Debug|Any CPU.ActiveCfg = Debug|Any CPU
		{29620FD1-D2F7-DA1D-734A-5488D4F847E5}.Debug|Any CPU.Build.0 = Debug|Any CPU
		{29620FD1-D2F7-DA1D-734A-5488D4F847E5}.Release|Any CPU.ActiveCfg = Release|Any CPU
		{29620FD1-D2F7-DA1D-734A-5488D4F847E5}.Release|Any CPU.Build.0 = Release|Any CPU
		{FA528AEF-35DA-0F00-ED9C-A0CC7E6E9E17}.Debug|Any CPU.ActiveCfg = Debug|Any CPU
		{FA528AEF-35DA-0F00-ED9C-A0CC7E6E9E17}.Debug|Any CPU.Build.0 = Debug|Any CPU
		{FA528AEF-35DA-0F00-ED9C-A0CC7E6E9E17}.Release|Any CPU.ActiveCfg = Release|Any CPU
		{FA528AEF-35DA-0F00-ED9C-A0CC7E6E9E17}.Release|Any CPU.Build.0 = Release|Any CPU
		{87A99F22-8529-508B-E7D4-2E01DC652DF7}.Debug|Any CPU.ActiveCfg = Debug|Any CPU
		{87A99F22-8529-508B-E7D4-2E01DC652DF7}.Debug|Any CPU.Build.0 = Debug|Any CPU
		{87A99F22-8529-508B-E7D4-2E01DC652DF7}.Release|Any CPU.ActiveCfg = Release|Any CPU
		{87A99F22-8529-508B-E7D4-2E01DC652DF7}.Release|Any CPU.Build.0 = Release|Any CPU
		{8FA0ACAF-C4A2-BCC0-AAC7-ADA0C73CC9AC}.Debug|Any CPU.ActiveCfg = Debug|Any CPU
		{8FA0ACAF-C4A2-BCC0-AAC7-ADA0C73CC9AC}.Debug|Any CPU.Build.0 = Debug|Any CPU
		{8FA0ACAF-C4A2-BCC0-AAC7-ADA0C73CC9AC}.Release|Any CPU.ActiveCfg = Release|Any CPU
		{8FA0ACAF-C4A2-BCC0-AAC7-ADA0C73CC9AC}.Release|Any CPU.Build.0 = Release|Any CPU
		{3F7FB426-4044-4C03-C4C1-69F1F16D970E}.Debug|Any CPU.ActiveCfg = Debug|Any CPU
		{3F7FB426-4044-4C03-C4C1-69F1F16D970E}.Debug|Any CPU.Build.0 = Debug|Any CPU
		{3F7FB426-4044-4C03-C4C1-69F1F16D970E}.Release|Any CPU.ActiveCfg = Release|Any CPU
		{3F7FB426-4044-4C03-C4C1-69F1F16D970E}.Release|Any CPU.Build.0 = Release|Any CPU
		{485DAB81-5447-13A1-5016-3990EAECA734}.Debug|Any CPU.ActiveCfg = Debug|Any CPU
		{485DAB81-5447-13A1-5016-3990EAECA734}.Debug|Any CPU.Build.0 = Debug|Any CPU
		{485DAB81-5447-13A1-5016-3990EAECA734}.Release|Any CPU.ActiveCfg = Release|Any CPU
		{485DAB81-5447-13A1-5016-3990EAECA734}.Release|Any CPU.Build.0 = Release|Any CPU
		{EEE6F834-50E5-F397-44B0-156BE03F498E}.Debug|Any CPU.ActiveCfg = Debug|Any CPU
		{EEE6F834-50E5-F397-44B0-156BE03F498E}.Debug|Any CPU.Build.0 = Debug|Any CPU
		{EEE6F834-50E5-F397-44B0-156BE03F498E}.Release|Any CPU.ActiveCfg = Release|Any CPU
		{EEE6F834-50E5-F397-44B0-156BE03F498E}.Release|Any CPU.Build.0 = Release|Any CPU
		{E99312AF-6C1B-5F0E-F4A5-B9834B8AF990}.Debug|Any CPU.ActiveCfg = Debug|Any CPU
		{E99312AF-6C1B-5F0E-F4A5-B9834B8AF990}.Debug|Any CPU.Build.0 = Debug|Any CPU
		{E99312AF-6C1B-5F0E-F4A5-B9834B8AF990}.Release|Any CPU.ActiveCfg = Release|Any CPU
		{E99312AF-6C1B-5F0E-F4A5-B9834B8AF990}.Release|Any CPU.Build.0 = Release|Any CPU
		{1848366A-B20D-67FC-1FBC-3AFE138DC362}.Debug|Any CPU.ActiveCfg = Debug|Any CPU
		{1848366A-B20D-67FC-1FBC-3AFE138DC362}.Debug|Any CPU.Build.0 = Debug|Any CPU
		{1848366A-B20D-67FC-1FBC-3AFE138DC362}.Release|Any CPU.ActiveCfg = Release|Any CPU
		{1848366A-B20D-67FC-1FBC-3AFE138DC362}.Release|Any CPU.Build.0 = Release|Any CPU
		{27865104-1AD1-B168-8CE0-3774239125BC}.Debug|Any CPU.ActiveCfg = Debug|Any CPU
		{27865104-1AD1-B168-8CE0-3774239125BC}.Debug|Any CPU.Build.0 = Debug|Any CPU
		{27865104-1AD1-B168-8CE0-3774239125BC}.Release|Any CPU.ActiveCfg = Release|Any CPU
		{27865104-1AD1-B168-8CE0-3774239125BC}.Release|Any CPU.Build.0 = Release|Any CPU
		{5C19C0B5-5F20-6073-BEE1-A4D603804940}.Debug|Any CPU.ActiveCfg = Debug|Any CPU
		{5C19C0B5-5F20-6073-BEE1-A4D603804940}.Debug|Any CPU.Build.0 = Debug|Any CPU
		{5C19C0B5-5F20-6073-BEE1-A4D603804940}.Release|Any CPU.ActiveCfg = Release|Any CPU
		{5C19C0B5-5F20-6073-BEE1-A4D603804940}.Release|Any CPU.Build.0 = Release|Any CPU
		{92D84DCF-39AB-DCCD-8C2C-00EAC55F5E8F}.Debug|Any CPU.ActiveCfg = Debug|Any CPU
		{92D84DCF-39AB-DCCD-8C2C-00EAC55F5E8F}.Debug|Any CPU.Build.0 = Debug|Any CPU
		{92D84DCF-39AB-DCCD-8C2C-00EAC55F5E8F}.Release|Any CPU.ActiveCfg = Release|Any CPU
		{92D84DCF-39AB-DCCD-8C2C-00EAC55F5E8F}.Release|Any CPU.Build.0 = Release|Any CPU
		{7C8C4630-B43C-89E0-8D21-BA2BA85CCBDF}.Debug|Any CPU.ActiveCfg = Debug|Any CPU
		{7C8C4630-B43C-89E0-8D21-BA2BA85CCBDF}.Debug|Any CPU.Build.0 = Debug|Any CPU
		{7C8C4630-B43C-89E0-8D21-BA2BA85CCBDF}.Release|Any CPU.ActiveCfg = Release|Any CPU
		{7C8C4630-B43C-89E0-8D21-BA2BA85CCBDF}.Release|Any CPU.Build.0 = Release|Any CPU
		{472F98E0-3090-E812-D812-204C02CA41FB}.Debug|Any CPU.ActiveCfg = Debug|Any CPU
		{472F98E0-3090-E812-D812-204C02CA41FB}.Debug|Any CPU.Build.0 = Debug|Any CPU
		{472F98E0-3090-E812-D812-204C02CA41FB}.Release|Any CPU.ActiveCfg = Release|Any CPU
		{472F98E0-3090-E812-D812-204C02CA41FB}.Release|Any CPU.Build.0 = Release|Any CPU
		{438CDA30-D6FD-ACB2-AF39-E6F87263034F}.Debug|Any CPU.ActiveCfg = Debug|Any CPU
		{438CDA30-D6FD-ACB2-AF39-E6F87263034F}.Debug|Any CPU.Build.0 = Debug|Any CPU
		{438CDA30-D6FD-ACB2-AF39-E6F87263034F}.Release|Any CPU.ActiveCfg = Release|Any CPU
		{438CDA30-D6FD-ACB2-AF39-E6F87263034F}.Release|Any CPU.Build.0 = Release|Any CPU
		{332D3410-175B-8CF2-A5B8-DBB941616632}.Debug|Any CPU.ActiveCfg = Debug|Any CPU
		{332D3410-175B-8CF2-A5B8-DBB941616632}.Debug|Any CPU.Build.0 = Debug|Any CPU
		{332D3410-175B-8CF2-A5B8-DBB941616632}.Release|Any CPU.ActiveCfg = Release|Any CPU
		{332D3410-175B-8CF2-A5B8-DBB941616632}.Release|Any CPU.Build.0 = Release|Any CPU
		{ABF6D1EA-20DE-43EF-CF7C-AC845193EF9C}.Debug|Any CPU.ActiveCfg = Debug|Any CPU
		{ABF6D1EA-20DE-43EF-CF7C-AC845193EF9C}.Debug|Any CPU.Build.0 = Debug|Any CPU
		{ABF6D1EA-20DE-43EF-CF7C-AC845193EF9C}.Release|Any CPU.ActiveCfg = Release|Any CPU
		{ABF6D1EA-20DE-43EF-CF7C-AC845193EF9C}.Release|Any CPU.Build.0 = Release|Any CPU
		{18E20791-1AE2-9DE0-AE08-93660B93C5F4}.Debug|Any CPU.ActiveCfg = Debug|Any CPU
		{18E20791-1AE2-9DE0-AE08-93660B93C5F4}.Debug|Any CPU.Build.0 = Debug|Any CPU
		{18E20791-1AE2-9DE0-AE08-93660B93C5F4}.Release|Any CPU.ActiveCfg = Release|Any CPU
		{18E20791-1AE2-9DE0-AE08-93660B93C5F4}.Release|Any CPU.Build.0 = Release|Any CPU
		{2182A217-9C0C-574B-AE4D-D504E9DEB626}.Debug|Any CPU.ActiveCfg = Debug|Any CPU
		{2182A217-9C0C-574B-AE4D-D504E9DEB626}.Debug|Any CPU.Build.0 = Debug|Any CPU
		{2182A217-9C0C-574B-AE4D-D504E9DEB626}.Release|Any CPU.ActiveCfg = Release|Any CPU
		{2182A217-9C0C-574B-AE4D-D504E9DEB626}.Release|Any CPU.Build.0 = Release|Any CPU
	EndGlobalSection
	GlobalSection(SolutionProperties) = preSolution
		HideSolutionNode = FALSE
	EndGlobalSection
EndGlobal
