
Microsoft Visual Studio Solution File, Format Version 12.00
# Visual Studio 15
Project("{FAE04EC0-301F-11D3-BF4B-00C04F79EFBC}") = "Oculus.Interaction.Editor", "Oculus.Interaction.Editor.csproj", "{DB5721F0-CD75-905E-5F35-66775257EF90}"
EndProject
Project("{FAE04EC0-301F-11D3-BF4B-00C04F79EFBC}") = "Meta.WitAi.Conduit", "Meta.WitAi.Conduit.csproj", "{FB7F74C1-CFAC-F5C4-E0E8-76AB695B338D}"
EndProject
Project("{FAE04EC0-301F-11D3-BF4B-00C04F79EFBC}") = "Oculus.VR", "Oculus.VR.csproj", "{2DD3FF30-E753-52D8-F5E7-D76734E221EE}"
EndProject
Project("{FAE04EC0-301F-11D3-BF4B-00C04F79EFBC}") = "Oculus.Interaction", "Oculus.Interaction.csproj", "{194C631C-64E4-7E40-FC4A-C100A10DE377}"
EndProject
Project("{FAE04EC0-301F-11D3-BF4B-00C04F79EFBC}") = "Meta.Voice.Samples.ShapesConduit", "Meta.Voice.Samples.ShapesConduit.csproj", "{12DE75F7-A080-3B02-6A5A-3898E5CC5455}"
EndProject
Project("{FAE04EC0-301F-11D3-BF4B-00C04F79EFBC}") = "Meta.WitAi.Editor", "Meta.WitAi.Editor.csproj", "{B9610AB8-BF04-081C-3EE0-03921D18979D}"
EndProject
Project("{FAE04EC0-301F-11D3-BF4B-00C04F79EFBC}") = "Oculus.Platform", "Oculus.Platform.csproj", "{DB8B8673-BF7C-54A9-721A-9CCCDA02B93E}"
EndProject
Project("{FAE04EC0-301F-11D3-BF4B-00C04F79EFBC}") = "Meta.WitAi.Conduit.Editor", "Meta.WitAi.Conduit.Editor.csproj", "{C80D5722-5F71-AB49-3603-6ADB22EAF7C2}"
EndProject
Project("{FAE04EC0-301F-11D3-BF4B-00C04F79EFBC}") = "Meta.WitAi", "Meta.WitAi.csproj", "{A35B43DE-A0FD-9335-2B50-9CA2058ABD51}"
EndProject
Project("{FAE04EC0-301F-11D3-BF4B-00C04F79EFBC}") = "Oculus.Interaction.OVR.Samples", "Oculus.Interaction.OVR.Samples.csproj", "{AFF8AFE0-7686-A72D-80B8-2031301CB63E}"
EndProject
Project("{FAE04EC0-301F-11D3-BF4B-00C04F79EFBC}") = "Assembly-CSharp", "Assembly-CSharp.csproj", "{92D3A808-9795-1782-E029-462703FF7654}"
EndProject
Project("{FAE04EC0-301F-11D3-BF4B-00C04F79EFBC}") = "Meta.WitAi.Lib", "Meta.WitAi.Lib.csproj", "{D8CE33C8-33E9-F9C1-74EA-FC177E0C7F1A}"
EndProject
Project("{FAE04EC0-301F-11D3-BF4B-00C04F79EFBC}") = "Oculus.VR.Editor", "Oculus.VR.Editor.csproj", "{E7063A8E-5146-9912-A621-4D8F3268945E}"
EndProject
Project("{FAE04EC0-301F-11D3-BF4B-00C04F79EFBC}") = "Meta.Voice.Hub.Runtime", "Meta.Voice.Hub.Runtime.csproj", "{8E775CFE-BA27-AED3-436D-8BA309C41AF4}"
EndProject
Project("{FAE04EC0-301F-11D3-BF4B-00C04F79EFBC}") = "VoiceSDK.Dictation.Runtime", "VoiceSDK.Dictation.Runtime.csproj", "{41AB3E35-4EFF-C733-DF39-DDD2502BDAF4}"
EndProject
Project("{FAE04EC0-301F-11D3-BF4B-00C04F79EFBC}") = "Oculus.LipSync", "Oculus.LipSync.csproj", "{250FD3CD-0BA2-9A7F-2583-0B72D1BD8AF2}"
EndProject
Project("{FAE04EC0-301F-11D3-BF4B-00C04F79EFBC}") = "Oculus.Interaction.OVR", "Oculus.Interaction.OVR.csproj", "{A38A19B7-056A-AB6F-1969-4023D483756B}"
EndProject
Project("{FAE04EC0-301F-11D3-BF4B-00C04F79EFBC}") = "Meta.Voice.Hub.Editor", "Meta.Voice.Hub.Editor.csproj", "{D82B393A-7136-62C0-58C9-5CECB497CF38}"
EndProject
Project("{FAE04EC0-301F-11D3-BF4B-00C04F79EFBC}") = "VoiceSDK.Editor", "VoiceSDK.Editor.csproj", "{C651C8F9-05AA-57E9-EFD5-339ED54B53B5}"
EndProject
Project("{FAE04EC0-301F-11D3-BF4B-00C04F79EFBC}") = "Meta.WitAI.Lib.Editor", "Meta.WitAI.Lib.Editor.csproj", "{0E157AFD-0156-6573-ADC1-7CDDB5878758}"
EndProject
Project("{FAE04EC0-301F-11D3-BF4B-00C04F79EFBC}") = "Oculus.Spatializer.Editor", "Oculus.Spatializer.Editor.csproj", "{0C857D8E-22D8-9268-2AAF-7D5B15CA549A}"
EndProject
Project("{FAE04EC0-301F-11D3-BF4B-00C04F79EFBC}") = "Oculus.AudioManager", "Oculus.AudioManager.csproj", "{A0F179CA-482F-DEB6-1B38-D9EEADD299E5}"
EndProject
Project("{FAE04EC0-301F-11D3-BF4B-00C04F79EFBC}") = "AssistantCoreSDKRuntime", "AssistantCoreSDKRuntime.csproj", "{302E9279-25FB-FA4A-510F-FB2035989DEA}"
EndProject
Project("{FAE04EC0-301F-11D3-BF4B-00C04F79EFBC}") = "VoiceSDK.Runtime", "VoiceSDK.Runtime.csproj", "{43DAF789-9924-BEAA-581C-F1215F377C62}"
EndProject
Project("{FAE04EC0-301F-11D3-BF4B-00C04F79EFBC}") = "Facebook.Wit.Dictation", "Facebook.Wit.Dictation.csproj", "{77AD29EC-4F1B-FEA7-93E9-BEC411A5A024}"
EndProject
Project("{FAE04EC0-301F-11D3-BF4B-00C04F79EFBC}") = "Meta.Voice.Samples.BuiltInTimer", "Meta.Voice.Samples.BuiltInTimer.csproj", "{A9107D6C-58D4-16A5-30B9-59CEC8E9841B}"
EndProject
Project("{FAE04EC0-301F-11D3-BF4B-00C04F79EFBC}") = "Oculus.Platform.Editor", "Oculus.Platform.Editor.csproj", "{65A99BB3-D0E5-9AD7-D01D-75514EAFDB2C}"
EndProject
Project("{FAE04EC0-301F-11D3-BF4B-00C04F79EFBC}") = "Meta.Voice.Samples.TTSVoices", "Meta.Voice.Samples.TTSVoices.csproj", "{32C12CD9-4067-0404-E76B-5E866020FD3B}"
EndProject
Project("{FAE04EC0-301F-11D3-BF4B-00C04F79EFBC}") = "Meta.Voice.VSDKHub.Editor", "Meta.Voice.VSDKHub.Editor.csproj", "{303ED73F-A26C-68C9-48C2-55C917DD7FEC}"
EndProject
Project("{FAE04EC0-301F-11D3-BF4B-00C04F79EFBC}") = "Meta.WitAi.TTS", "Meta.WitAi.TTS.csproj", "{E74F5D9F-9622-FFEA-4C6F-636E48FC2EE4}"
EndProject
Project("{FAE04EC0-301F-11D3-BF4B-00C04F79EFBC}") = "Oculus.AudioManager.Audio.Editor", "Oculus.AudioManager.Audio.Editor.csproj", "{143532A9-FDBB-2956-6B6B-B22DBD174F25}"
EndProject
Project("{FAE04EC0-301F-11D3-BF4B-00C04F79EFBC}") = "Assembly-CSharp-Editor", "Assembly-CSharp-Editor.csproj", "{7AC26642-20CC-690D-D701-7AA52A1BF1F2}"
EndProject
Project("{FAE04EC0-301F-11D3-BF4B-00C04F79EFBC}") = "Meta.Voice.Samples.Chess", "Meta.Voice.Samples.Chess.csproj", "{FF55941C-622F-D523-7297-53836ED7A250}"
EndProject
Project("{FAE04EC0-301F-11D3-BF4B-00C04F79EFBC}") = "Oculus.VR.Scripts.Editor", "Oculus.VR.Scripts.Editor.csproj", "{8EA415BB-1B4C-7874-B9E9-FBE3707B5076}"
EndProject
Project("{FAE04EC0-301F-11D3-BF4B-00C04F79EFBC}") = "Meta.Voice.Samples.LightTraits", "Meta.Voice.Samples.LightTraits.csproj", "{360003BD-B145-2698-65EF-A0C74092C575}"
EndProject
Project("{FAE04EC0-301F-11D3-BF4B-00C04F79EFBC}") = "VoiceSDK.Dictation.Samples", "VoiceSDK.Dictation.Samples.csproj", "{D38525F8-96C2-E18C-9BA0-B4105695533B}"
EndProject
Project("{FAE04EC0-301F-11D3-BF4B-00C04F79EFBC}") = "Meta.Voice.Samples.Shapes", "Meta.Voice.Samples.Shapes.csproj", "{1ED39CC5-9D61-63D1-BADD-B9723F05406C}"
EndProject
Project("{FAE04EC0-301F-11D3-BF4B-00C04F79EFBC}") = "Oculus.Interaction.Samples.Editor", "Oculus.Interaction.Samples.Editor.csproj", "{9E34C2D6-5446-821C-1E49-FD009EA17761}"
EndProject
Project("{FAE04EC0-301F-11D3-BF4B-00C04F79EFBC}") = "Meta.WitAi.TTS.Editor", "Meta.WitAi.TTS.Editor.csproj", "{9E4763A6-1459-ADEE-55B2-C6567C2FD356}"
EndProject
Project("{FAE04EC0-301F-11D3-BF4B-00C04F79EFBC}") = "Oculus.Interaction.OVR.Editor", "Oculus.Interaction.OVR.Editor.csproj", "{A3661E66-8E1D-3057-55A1-1E11BB9C0EB7}"
EndProject
Project("{FAE04EC0-301F-11D3-BF4B-00C04F79EFBC}") = "Oculus.Spatializer", "Oculus.Spatializer.csproj", "{2FEC0294-5F42-C0D0-DE65-A46F73F47DA1}"
EndProject
Project("{FAE04EC0-301F-11D3-BF4B-00C04F79EFBC}") = "Oculus.LipSync.Editor", "Oculus.LipSync.Editor.csproj", "{0A1F326D-03A9-5690-2A3D-C9735E65A571}"
EndProject
Project("{FAE04EC0-301F-11D3-BF4B-00C04F79EFBC}") = "Oculus.AudioManager.Utils.Editor", "Oculus.AudioManager.Utils.Editor.csproj", "{030D0089-9C2B-AEA6-9A53-925BC5E21E0F}"
EndProject
Project("{FAE04EC0-301F-11D3-BF4B-00C04F79EFBC}") = "Meta.VoiceSDK.Mic.Common", "Meta.VoiceSDK.Mic.Common.csproj", "{A2600994-566B-3C3F-7489-34A3A64C8430}"
EndProject
Project("{FAE04EC0-301F-11D3-BF4B-00C04F79EFBC}") = "VoiceSDK.Dictation.Editor", "VoiceSDK.Dictation.Editor.csproj", "{C4296A47-EA08-A8C0-F692-47D2698BEEEF}"
EndProject
Project("{FAE04EC0-301F-11D3-BF4B-00C04F79EFBC}") = "Meta.VoiceSDK.Mic.Other", "Meta.VoiceSDK.Mic.Other.csproj", "{8C86F0DB-9BF8-8EFF-991F-C6F06CBBB396}"
EndProject
Project("{FAE04EC0-301F-11D3-BF4B-00C04F79EFBC}") = "AssistantCoreSDKEditor", "AssistantCoreSDKEditor.csproj", "{DCE688D6-FEA2-24CE-DC39-6A2F617FF426}"
EndProject
Project("{FAE04EC0-301F-11D3-BF4B-00C04F79EFBC}") = "Oculus.Interaction.InterfaceSupport", "Oculus.Interaction.InterfaceSupport.csproj", "{540784CB-954A-E0B3-C4D3-EC6DD16F4036}"
EndProject
Project("{FAE04EC0-301F-11D3-BF4B-00C04F79EFBC}") = "Meta.Voice.Samples.LiveUnderstanding", "Meta.Voice.Samples.LiveUnderstanding.csproj", "{FBD08F34-E502-1DE3-9149-8C0A88B46F79}"
EndProject
Project("{FAE04EC0-301F-11D3-BF4B-00C04F79EFBC}") = "Facebook.Wit.Dictation.Editor", "Facebook.Wit.Dictation.Editor.csproj", "{80D081EF-BB9D-0E22-7737-020AA1D40193}"
EndProject
Project("{FAE04EC0-301F-11D3-BF4B-00C04F79EFBC}") = "Meta.VoiceSDK.Mic.WebGL", "Meta.VoiceSDK.Mic.WebGL.csproj", "{01F7FD73-2A24-C9AA-315B-CA016031F900}"
EndProject
Global
	GlobalSection(SolutionConfigurationPlatforms) = preSolution
		Debug|Any CPU = Debug|Any CPU
		Release|Any CPU = Release|Any CPU
	EndGlobalSection
	GlobalSection(ProjectConfigurationPlatforms) = postSolution
		{DB5721F0-CD75-905E-5F35-66775257EF90}.Debug|Any CPU.ActiveCfg = Debug|Any CPU
		{DB5721F0-CD75-905E-5F35-66775257EF90}.Debug|Any CPU.Build.0 = Debug|Any CPU
		{DB5721F0-CD75-905E-5F35-66775257EF90}.Release|Any CPU.ActiveCfg = Release|Any CPU
		{DB5721F0-CD75-905E-5F35-66775257EF90}.Release|Any CPU.Build.0 = Release|Any CPU
		{FB7F74C1-CFAC-F5C4-E0E8-76AB695B338D}.Debug|Any CPU.ActiveCfg = Debug|Any CPU
		{FB7F74C1-CFAC-F5C4-E0E8-76AB695B338D}.Debug|Any CPU.Build.0 = Debug|Any CPU
		{FB7F74C1-CFAC-F5C4-E0E8-76AB695B338D}.Release|Any CPU.ActiveCfg = Release|Any CPU
		{FB7F74C1-CFAC-F5C4-E0E8-76AB695B338D}.Release|Any CPU.Build.0 = Release|Any CPU
		{2DD3FF30-E753-52D8-F5E7-D76734E221EE}.Debug|Any CPU.ActiveCfg = Debug|Any CPU
		{2DD3FF30-E753-52D8-F5E7-D76734E221EE}.Debug|Any CPU.Build.0 = Debug|Any CPU
		{2DD3FF30-E753-52D8-F5E7-D76734E221EE}.Release|Any CPU.ActiveCfg = Release|Any CPU
		{2DD3FF30-E753-52D8-F5E7-D76734E221EE}.Release|Any CPU.Build.0 = Release|Any CPU
		{194C631C-64E4-7E40-FC4A-C100A10DE377}.Debug|Any CPU.ActiveCfg = Debug|Any CPU
		{194C631C-64E4-7E40-FC4A-C100A10DE377}.Debug|Any CPU.Build.0 = Debug|Any CPU
		{194C631C-64E4-7E40-FC4A-C100A10DE377}.Release|Any CPU.ActiveCfg = Release|Any CPU
		{194C631C-64E4-7E40-FC4A-C100A10DE377}.Release|Any CPU.Build.0 = Release|Any CPU
		{12DE75F7-A080-3B02-6A5A-3898E5CC5455}.Debug|Any CPU.ActiveCfg = Debug|Any CPU
		{12DE75F7-A080-3B02-6A5A-3898E5CC5455}.Debug|Any CPU.Build.0 = Debug|Any CPU
		{12DE75F7-A080-3B02-6A5A-3898E5CC5455}.Release|Any CPU.ActiveCfg = Release|Any CPU
		{12DE75F7-A080-3B02-6A5A-3898E5CC5455}.Release|Any CPU.Build.0 = Release|Any CPU
		{B9610AB8-BF04-081C-3EE0-03921D18979D}.Debug|Any CPU.ActiveCfg = Debug|Any CPU
		{B9610AB8-BF04-081C-3EE0-03921D18979D}.Debug|Any CPU.Build.0 = Debug|Any CPU
		{B9610AB8-BF04-081C-3EE0-03921D18979D}.Release|Any CPU.ActiveCfg = Release|Any CPU
		{B9610AB8-BF04-081C-3EE0-03921D18979D}.Release|Any CPU.Build.0 = Release|Any CPU
		{DB8B8673-BF7C-54A9-721A-9CCCDA02B93E}.Debug|Any CPU.ActiveCfg = Debug|Any CPU
		{DB8B8673-BF7C-54A9-721A-9CCCDA02B93E}.Debug|Any CPU.Build.0 = Debug|Any CPU
		{DB8B8673-BF7C-54A9-721A-9CCCDA02B93E}.Release|Any CPU.ActiveCfg = Release|Any CPU
		{DB8B8673-BF7C-54A9-721A-9CCCDA02B93E}.Release|Any CPU.Build.0 = Release|Any CPU
		{C80D5722-5F71-AB49-3603-6ADB22EAF7C2}.Debug|Any CPU.ActiveCfg = Debug|Any CPU
		{C80D5722-5F71-AB49-3603-6ADB22EAF7C2}.Debug|Any CPU.Build.0 = Debug|Any CPU
		{C80D5722-5F71-AB49-3603-6ADB22EAF7C2}.Release|Any CPU.ActiveCfg = Release|Any CPU
		{C80D5722-5F71-AB49-3603-6ADB22EAF7C2}.Release|Any CPU.Build.0 = Release|Any CPU
		{A35B43DE-A0FD-9335-2B50-9CA2058ABD51}.Debug|Any CPU.ActiveCfg = Debug|Any CPU
		{A35B43DE-A0FD-9335-2B50-9CA2058ABD51}.Debug|Any CPU.Build.0 = Debug|Any CPU
		{A35B43DE-A0FD-9335-2B50-9CA2058ABD51}.Release|Any CPU.ActiveCfg = Release|Any CPU
		{A35B43DE-A0FD-9335-2B50-9CA2058ABD51}.Release|Any CPU.Build.0 = Release|Any CPU
		{AFF8AFE0-7686-A72D-80B8-2031301CB63E}.Debug|Any CPU.ActiveCfg = Debug|Any CPU
		{AFF8AFE0-7686-A72D-80B8-2031301CB63E}.Debug|Any CPU.Build.0 = Debug|Any CPU
		{AFF8AFE0-7686-A72D-80B8-2031301CB63E}.Release|Any CPU.ActiveCfg = Release|Any CPU
		{AFF8AFE0-7686-A72D-80B8-2031301CB63E}.Release|Any CPU.Build.0 = Release|Any CPU
		{92D3A808-9795-1782-E029-462703FF7654}.Debug|Any CPU.ActiveCfg = Debug|Any CPU
		{92D3A808-9795-1782-E029-462703FF7654}.Debug|Any CPU.Build.0 = Debug|Any CPU
		{92D3A808-9795-1782-E029-462703FF7654}.Release|Any CPU.ActiveCfg = Release|Any CPU
		{92D3A808-9795-1782-E029-462703FF7654}.Release|Any CPU.Build.0 = Release|Any CPU
		{D8CE33C8-33E9-F9C1-74EA-FC177E0C7F1A}.Debug|Any CPU.ActiveCfg = Debug|Any CPU
		{D8CE33C8-33E9-F9C1-74EA-FC177E0C7F1A}.Debug|Any CPU.Build.0 = Debug|Any CPU
		{D8CE33C8-33E9-F9C1-74EA-FC177E0C7F1A}.Release|Any CPU.ActiveCfg = Release|Any CPU
		{D8CE33C8-33E9-F9C1-74EA-FC177E0C7F1A}.Release|Any CPU.Build.0 = Release|Any CPU
		{E7063A8E-5146-9912-A621-4D8F3268945E}.Debug|Any CPU.ActiveCfg = Debug|Any CPU
		{E7063A8E-5146-9912-A621-4D8F3268945E}.Debug|Any CPU.Build.0 = Debug|Any CPU
		{E7063A8E-5146-9912-A621-4D8F3268945E}.Release|Any CPU.ActiveCfg = Release|Any CPU
		{E7063A8E-5146-9912-A621-4D8F3268945E}.Release|Any CPU.Build.0 = Release|Any CPU
		{8E775CFE-BA27-AED3-436D-8BA309C41AF4}.Debug|Any CPU.ActiveCfg = Debug|Any CPU
		{8E775CFE-BA27-AED3-436D-8BA309C41AF4}.Debug|Any CPU.Build.0 = Debug|Any CPU
		{8E775CFE-BA27-AED3-436D-8BA309C41AF4}.Release|Any CPU.ActiveCfg = Release|Any CPU
		{8E775CFE-BA27-AED3-436D-8BA309C41AF4}.Release|Any CPU.Build.0 = Release|Any CPU
		{41AB3E35-4EFF-C733-DF39-DDD2502BDAF4}.Debug|Any CPU.ActiveCfg = Debug|Any CPU
		{41AB3E35-4EFF-C733-DF39-DDD2502BDAF4}.Debug|Any CPU.Build.0 = Debug|Any CPU
		{41AB3E35-4EFF-C733-DF39-DDD2502BDAF4}.Release|Any CPU.ActiveCfg = Release|Any CPU
		{41AB3E35-4EFF-C733-DF39-DDD2502BDAF4}.Release|Any CPU.Build.0 = Release|Any CPU
		{250FD3CD-0BA2-9A7F-2583-0B72D1BD8AF2}.Debug|Any CPU.ActiveCfg = Debug|Any CPU
		{250FD3CD-0BA2-9A7F-2583-0B72D1BD8AF2}.Debug|Any CPU.Build.0 = Debug|Any CPU
		{250FD3CD-0BA2-9A7F-2583-0B72D1BD8AF2}.Release|Any CPU.ActiveCfg = Release|Any CPU
		{250FD3CD-0BA2-9A7F-2583-0B72D1BD8AF2}.Release|Any CPU.Build.0 = Release|Any CPU
		{A38A19B7-056A-AB6F-1969-4023D483756B}.Debug|Any CPU.ActiveCfg = Debug|Any CPU
		{A38A19B7-056A-AB6F-1969-4023D483756B}.Debug|Any CPU.Build.0 = Debug|Any CPU
		{A38A19B7-056A-AB6F-1969-4023D483756B}.Release|Any CPU.ActiveCfg = Release|Any CPU
		{A38A19B7-056A-AB6F-1969-4023D483756B}.Release|Any CPU.Build.0 = Release|Any CPU
		{D82B393A-7136-62C0-58C9-5CECB497CF38}.Debug|Any CPU.ActiveCfg = Debug|Any CPU
		{D82B393A-7136-62C0-58C9-5CECB497CF38}.Debug|Any CPU.Build.0 = Debug|Any CPU
		{D82B393A-7136-62C0-58C9-5CECB497CF38}.Release|Any CPU.ActiveCfg = Release|Any CPU
		{D82B393A-7136-62C0-58C9-5CECB497CF38}.Release|Any CPU.Build.0 = Release|Any CPU
		{C651C8F9-05AA-57E9-EFD5-339ED54B53B5}.Debug|Any CPU.ActiveCfg = Debug|Any CPU
		{C651C8F9-05AA-57E9-EFD5-339ED54B53B5}.Debug|Any CPU.Build.0 = Debug|Any CPU
		{C651C8F9-05AA-57E9-EFD5-339ED54B53B5}.Release|Any CPU.ActiveCfg = Release|Any CPU
		{C651C8F9-05AA-57E9-EFD5-339ED54B53B5}.Release|Any CPU.Build.0 = Release|Any CPU
		{0E157AFD-0156-6573-ADC1-7CDDB5878758}.Debug|Any CPU.ActiveCfg = Debug|Any CPU
		{0E157AFD-0156-6573-ADC1-7CDDB5878758}.Debug|Any CPU.Build.0 = Debug|Any CPU
		{0E157AFD-0156-6573-ADC1-7CDDB5878758}.Release|Any CPU.ActiveCfg = Release|Any CPU
		{0E157AFD-0156-6573-ADC1-7CDDB5878758}.Release|Any CPU.Build.0 = Release|Any CPU
		{0C857D8E-22D8-9268-2AAF-7D5B15CA549A}.Debug|Any CPU.ActiveCfg = Debug|Any CPU
		{0C857D8E-22D8-9268-2AAF-7D5B15CA549A}.Debug|Any CPU.Build.0 = Debug|Any CPU
		{0C857D8E-22D8-9268-2AAF-7D5B15CA549A}.Release|Any CPU.ActiveCfg = Release|Any CPU
		{0C857D8E-22D8-9268-2AAF-7D5B15CA549A}.Release|Any CPU.Build.0 = Release|Any CPU
		{A0F179CA-482F-DEB6-1B38-D9EEADD299E5}.Debug|Any CPU.ActiveCfg = Debug|Any CPU
		{A0F179CA-482F-DEB6-1B38-D9EEADD299E5}.Debug|Any CPU.Build.0 = Debug|Any CPU
		{A0F179CA-482F-DEB6-1B38-D9EEADD299E5}.Release|Any CPU.ActiveCfg = Release|Any CPU
		{A0F179CA-482F-DEB6-1B38-D9EEADD299E5}.Release|Any CPU.Build.0 = Release|Any CPU
		{302E9279-25FB-FA4A-510F-FB2035989DEA}.Debug|Any CPU.ActiveCfg = Debug|Any CPU
		{302E9279-25FB-FA4A-510F-FB2035989DEA}.Debug|Any CPU.Build.0 = Debug|Any CPU
		{302E9279-25FB-FA4A-510F-FB2035989DEA}.Release|Any CPU.ActiveCfg = Release|Any CPU
		{302E9279-25FB-FA4A-510F-FB2035989DEA}.Release|Any CPU.Build.0 = Release|Any CPU
		{43DAF789-9924-BEAA-581C-F1215F377C62}.Debug|Any CPU.ActiveCfg = Debug|Any CPU
		{43DAF789-9924-BEAA-581C-F1215F377C62}.Debug|Any CPU.Build.0 = Debug|Any CPU
		{43DAF789-9924-BEAA-581C-F1215F377C62}.Release|Any CPU.ActiveCfg = Release|Any CPU
		{43DAF789-9924-BEAA-581C-F1215F377C62}.Release|Any CPU.Build.0 = Release|Any CPU
		{77AD29EC-4F1B-FEA7-93E9-BEC411A5A024}.Debug|Any CPU.ActiveCfg = Debug|Any CPU
		{77AD29EC-4F1B-FEA7-93E9-BEC411A5A024}.Debug|Any CPU.Build.0 = Debug|Any CPU
		{77AD29EC-4F1B-FEA7-93E9-BEC411A5A024}.Release|Any CPU.ActiveCfg = Release|Any CPU
		{77AD29EC-4F1B-FEA7-93E9-BEC411A5A024}.Release|Any CPU.Build.0 = Release|Any CPU
		{A9107D6C-58D4-16A5-30B9-59CEC8E9841B}.Debug|Any CPU.ActiveCfg = Debug|Any CPU
		{A9107D6C-58D4-16A5-30B9-59CEC8E9841B}.Debug|Any CPU.Build.0 = Debug|Any CPU
		{A9107D6C-58D4-16A5-30B9-59CEC8E9841B}.Release|Any CPU.ActiveCfg = Release|Any CPU
		{A9107D6C-58D4-16A5-30B9-59CEC8E9841B}.Release|Any CPU.Build.0 = Release|Any CPU
		{65A99BB3-D0E5-9AD7-D01D-75514EAFDB2C}.Debug|Any CPU.ActiveCfg = Debug|Any CPU
		{65A99BB3-D0E5-9AD7-D01D-75514EAFDB2C}.Debug|Any CPU.Build.0 = Debug|Any CPU
		{65A99BB3-D0E5-9AD7-D01D-75514EAFDB2C}.Release|Any CPU.ActiveCfg = Release|Any CPU
		{65A99BB3-D0E5-9AD7-D01D-75514EAFDB2C}.Release|Any CPU.Build.0 = Release|Any CPU
		{32C12CD9-4067-0404-E76B-5E866020FD3B}.Debug|Any CPU.ActiveCfg = Debug|Any CPU
		{32C12CD9-4067-0404-E76B-5E866020FD3B}.Debug|Any CPU.Build.0 = Debug|Any CPU
		{32C12CD9-4067-0404-E76B-5E866020FD3B}.Release|Any CPU.ActiveCfg = Release|Any CPU
		{32C12CD9-4067-0404-E76B-5E866020FD3B}.Release|Any CPU.Build.0 = Release|Any CPU
		{303ED73F-A26C-68C9-48C2-55C917DD7FEC}.Debug|Any CPU.ActiveCfg = Debug|Any CPU
		{303ED73F-A26C-68C9-48C2-55C917DD7FEC}.Debug|Any CPU.Build.0 = Debug|Any CPU
		{303ED73F-A26C-68C9-48C2-55C917DD7FEC}.Release|Any CPU.ActiveCfg = Release|Any CPU
		{303ED73F-A26C-68C9-48C2-55C917DD7FEC}.Release|Any CPU.Build.0 = Release|Any CPU
		{E74F5D9F-9622-FFEA-4C6F-636E48FC2EE4}.Debug|Any CPU.ActiveCfg = Debug|Any CPU
		{E74F5D9F-9622-FFEA-4C6F-636E48FC2EE4}.Debug|Any CPU.Build.0 = Debug|Any CPU
		{E74F5D9F-9622-FFEA-4C6F-636E48FC2EE4}.Release|Any CPU.ActiveCfg = Release|Any CPU
		{E74F5D9F-9622-FFEA-4C6F-636E48FC2EE4}.Release|Any CPU.Build.0 = Release|Any CPU
		{143532A9-FDBB-2956-6B6B-B22DBD174F25}.Debug|Any CPU.ActiveCfg = Debug|Any CPU
		{143532A9-FDBB-2956-6B6B-B22DBD174F25}.Debug|Any CPU.Build.0 = Debug|Any CPU
		{143532A9-FDBB-2956-6B6B-B22DBD174F25}.Release|Any CPU.ActiveCfg = Release|Any CPU
		{143532A9-FDBB-2956-6B6B-B22DBD174F25}.Release|Any CPU.Build.0 = Release|Any CPU
		{7AC26642-20CC-690D-D701-7AA52A1BF1F2}.Debug|Any CPU.ActiveCfg = Debug|Any CPU
		{7AC26642-20CC-690D-D701-7AA52A1BF1F2}.Debug|Any CPU.Build.0 = Debug|Any CPU
		{7AC26642-20CC-690D-D701-7AA52A1BF1F2}.Release|Any CPU.ActiveCfg = Release|Any CPU
		{7AC26642-20CC-690D-D701-7AA52A1BF1F2}.Release|Any CPU.Build.0 = Release|Any CPU
		{FF55941C-622F-D523-7297-53836ED7A250}.Debug|Any CPU.ActiveCfg = Debug|Any CPU
		{FF55941C-622F-D523-7297-53836ED7A250}.Debug|Any CPU.Build.0 = Debug|Any CPU
		{FF55941C-622F-D523-7297-53836ED7A250}.Release|Any CPU.ActiveCfg = Release|Any CPU
		{FF55941C-622F-D523-7297-53836ED7A250}.Release|Any CPU.Build.0 = Release|Any CPU
		{8EA415BB-1B4C-7874-B9E9-FBE3707B5076}.Debug|Any CPU.ActiveCfg = Debug|Any CPU
		{8EA415BB-1B4C-7874-B9E9-FBE3707B5076}.Debug|Any CPU.Build.0 = Debug|Any CPU
		{8EA415BB-1B4C-7874-B9E9-FBE3707B5076}.Release|Any CPU.ActiveCfg = Release|Any CPU
		{8EA415BB-1B4C-7874-B9E9-FBE3707B5076}.Release|Any CPU.Build.0 = Release|Any CPU
		{360003BD-B145-2698-65EF-A0C74092C575}.Debug|Any CPU.ActiveCfg = Debug|Any CPU
		{360003BD-B145-2698-65EF-A0C74092C575}.Debug|Any CPU.Build.0 = Debug|Any CPU
		{360003BD-B145-2698-65EF-A0C74092C575}.Release|Any CPU.ActiveCfg = Release|Any CPU
		{360003BD-B145-2698-65EF-A0C74092C575}.Release|Any CPU.Build.0 = Release|Any CPU
		{D38525F8-96C2-E18C-9BA0-B4105695533B}.Debug|Any CPU.ActiveCfg = Debug|Any CPU
		{D38525F8-96C2-E18C-9BA0-B4105695533B}.Debug|Any CPU.Build.0 = Debug|Any CPU
		{D38525F8-96C2-E18C-9BA0-B4105695533B}.Release|Any CPU.ActiveCfg = Release|Any CPU
		{D38525F8-96C2-E18C-9BA0-B4105695533B}.Release|Any CPU.Build.0 = Release|Any CPU
		{1ED39CC5-9D61-63D1-BADD-B9723F05406C}.Debug|Any CPU.ActiveCfg = Debug|Any CPU
		{1ED39CC5-9D61-63D1-BADD-B9723F05406C}.Debug|Any CPU.Build.0 = Debug|Any CPU
		{1ED39CC5-9D61-63D1-BADD-B9723F05406C}.Release|Any CPU.ActiveCfg = Release|Any CPU
		{1ED39CC5-9D61-63D1-BADD-B9723F05406C}.Release|Any CPU.Build.0 = Release|Any CPU
		{9E34C2D6-5446-821C-1E49-FD009EA17761}.Debug|Any CPU.ActiveCfg = Debug|Any CPU
		{9E34C2D6-5446-821C-1E49-FD009EA17761}.Debug|Any CPU.Build.0 = Debug|Any CPU
		{9E34C2D6-5446-821C-1E49-FD009EA17761}.Release|Any CPU.ActiveCfg = Release|Any CPU
		{9E34C2D6-5446-821C-1E49-FD009EA17761}.Release|Any CPU.Build.0 = Release|Any CPU
		{9E4763A6-1459-ADEE-55B2-C6567C2FD356}.Debug|Any CPU.ActiveCfg = Debug|Any CPU
		{9E4763A6-1459-ADEE-55B2-C6567C2FD356}.Debug|Any CPU.Build.0 = Debug|Any CPU
		{9E4763A6-1459-ADEE-55B2-C6567C2FD356}.Release|Any CPU.ActiveCfg = Release|Any CPU
		{9E4763A6-1459-ADEE-55B2-C6567C2FD356}.Release|Any CPU.Build.0 = Release|Any CPU
		{A3661E66-8E1D-3057-55A1-1E11BB9C0EB7}.Debug|Any CPU.ActiveCfg = Debug|Any CPU
		{A3661E66-8E1D-3057-55A1-1E11BB9C0EB7}.Debug|Any CPU.Build.0 = Debug|Any CPU
		{A3661E66-8E1D-3057-55A1-1E11BB9C0EB7}.Release|Any CPU.ActiveCfg = Release|Any CPU
		{A3661E66-8E1D-3057-55A1-1E11BB9C0EB7}.Release|Any CPU.Build.0 = Release|Any CPU
		{2FEC0294-5F42-C0D0-DE65-A46F73F47DA1}.Debug|Any CPU.ActiveCfg = Debug|Any CPU
		{2FEC0294-5F42-C0D0-DE65-A46F73F47DA1}.Debug|Any CPU.Build.0 = Debug|Any CPU
		{2FEC0294-5F42-C0D0-DE65-A46F73F47DA1}.Release|Any CPU.ActiveCfg = Release|Any CPU
		{2FEC0294-5F42-C0D0-DE65-A46F73F47DA1}.Release|Any CPU.Build.0 = Release|Any CPU
		{0A1F326D-03A9-5690-2A3D-C9735E65A571}.Debug|Any CPU.ActiveCfg = Debug|Any CPU
		{0A1F326D-03A9-5690-2A3D-C9735E65A571}.Debug|Any CPU.Build.0 = Debug|Any CPU
		{0A1F326D-03A9-5690-2A3D-C9735E65A571}.Release|Any CPU.ActiveCfg = Release|Any CPU
		{0A1F326D-03A9-5690-2A3D-C9735E65A571}.Release|Any CPU.Build.0 = Release|Any CPU
		{030D0089-9C2B-AEA6-9A53-925BC5E21E0F}.Debug|Any CPU.ActiveCfg = Debug|Any CPU
		{030D0089-9C2B-AEA6-9A53-925BC5E21E0F}.Debug|Any CPU.Build.0 = Debug|Any CPU
		{030D0089-9C2B-AEA6-9A53-925BC5E21E0F}.Release|Any CPU.ActiveCfg = Release|Any CPU
		{030D0089-9C2B-AEA6-9A53-925BC5E21E0F}.Release|Any CPU.Build.0 = Release|Any CPU
		{A2600994-566B-3C3F-7489-34A3A64C8430}.Debug|Any CPU.ActiveCfg = Debug|Any CPU
		{A2600994-566B-3C3F-7489-34A3A64C8430}.Debug|Any CPU.Build.0 = Debug|Any CPU
		{A2600994-566B-3C3F-7489-34A3A64C8430}.Release|Any CPU.ActiveCfg = Release|Any CPU
		{A2600994-566B-3C3F-7489-34A3A64C8430}.Release|Any CPU.Build.0 = Release|Any CPU
		{C4296A47-EA08-A8C0-F692-47D2698BEEEF}.Debug|Any CPU.ActiveCfg = Debug|Any CPU
		{C4296A47-EA08-A8C0-F692-47D2698BEEEF}.Debug|Any CPU.Build.0 = Debug|Any CPU
		{C4296A47-EA08-A8C0-F692-47D2698BEEEF}.Release|Any CPU.ActiveCfg = Release|Any CPU
		{C4296A47-EA08-A8C0-F692-47D2698BEEEF}.Release|Any CPU.Build.0 = Release|Any CPU
		{8C86F0DB-9BF8-8EFF-991F-C6F06CBBB396}.Debug|Any CPU.ActiveCfg = Debug|Any CPU
		{8C86F0DB-9BF8-8EFF-991F-C6F06CBBB396}.Debug|Any CPU.Build.0 = Debug|Any CPU
		{8C86F0DB-9BF8-8EFF-991F-C6F06CBBB396}.Release|Any CPU.ActiveCfg = Release|Any CPU
		{8C86F0DB-9BF8-8EFF-991F-C6F06CBBB396}.Release|Any CPU.Build.0 = Release|Any CPU
		{DCE688D6-FEA2-24CE-DC39-6A2F617FF426}.Debug|Any CPU.ActiveCfg = Debug|Any CPU
		{DCE688D6-FEA2-24CE-DC39-6A2F617FF426}.Debug|Any CPU.Build.0 = Debug|Any CPU
		{DCE688D6-FEA2-24CE-DC39-6A2F617FF426}.Release|Any CPU.ActiveCfg = Release|Any CPU
		{DCE688D6-FEA2-24CE-DC39-6A2F617FF426}.Release|Any CPU.Build.0 = Release|Any CPU
		{540784CB-954A-E0B3-C4D3-EC6DD16F4036}.Debug|Any CPU.ActiveCfg = Debug|Any CPU
		{540784CB-954A-E0B3-C4D3-EC6DD16F4036}.Debug|Any CPU.Build.0 = Debug|Any CPU
		{540784CB-954A-E0B3-C4D3-EC6DD16F4036}.Release|Any CPU.ActiveCfg = Release|Any CPU
		{540784CB-954A-E0B3-C4D3-EC6DD16F4036}.Release|Any CPU.Build.0 = Release|Any CPU
		{FBD08F34-E502-1DE3-9149-8C0A88B46F79}.Debug|Any CPU.ActiveCfg = Debug|Any CPU
		{FBD08F34-E502-1DE3-9149-8C0A88B46F79}.Debug|Any CPU.Build.0 = Debug|Any CPU
		{FBD08F34-E502-1DE3-9149-8C0A88B46F79}.Release|Any CPU.ActiveCfg = Release|Any CPU
		{FBD08F34-E502-1DE3-9149-8C0A88B46F79}.Release|Any CPU.Build.0 = Release|Any CPU
		{80D081EF-BB9D-0E22-7737-020AA1D40193}.Debug|Any CPU.ActiveCfg = Debug|Any CPU
		{80D081EF-BB9D-0E22-7737-020AA1D40193}.Debug|Any CPU.Build.0 = Debug|Any CPU
		{80D081EF-BB9D-0E22-7737-020AA1D40193}.Release|Any CPU.ActiveCfg = Release|Any CPU
		{80D081EF-BB9D-0E22-7737-020AA1D40193}.Release|Any CPU.Build.0 = Release|Any CPU
		{01F7FD73-2A24-C9AA-315B-CA016031F900}.Debug|Any CPU.ActiveCfg = Debug|Any CPU
		{01F7FD73-2A24-C9AA-315B-CA016031F900}.Debug|Any CPU.Build.0 = Debug|Any CPU
		{01F7FD73-2A24-C9AA-315B-CA016031F900}.Release|Any CPU.ActiveCfg = Release|Any CPU
		{01F7FD73-2A24-C9AA-315B-CA016031F900}.Release|Any CPU.Build.0 = Release|Any CPU
	EndGlobalSection
	GlobalSection(SolutionProperties) = preSolution
		HideSolutionNode = FALSE
	EndGlobalSection
EndGlobal
