
Microsoft Visual Studio Solution File, Format Version 12.00
# Visual Studio 15
Project("{FAE04EC0-301F-11D3-BF4B-00C04F79EFBC}") = "Oculus.Interaction.Editor", "Oculus.Interaction.Editor.csproj", "{DF52EE6E-0B12-18D1-3421-22B7C223703E}"
EndProject
Project("{FAE04EC0-301F-11D3-BF4B-00C04F79EFBC}") = "Meta.WitAi.Conduit", "Meta.WitAi.Conduit.csproj", "{2C6FDD83-4226-1503-80C9-3A581DCFE4FA}"
EndProject
Project("{FAE04EC0-301F-11D3-BF4B-00C04F79EFBC}") = "Oculus.VR", "Oculus.VR.csproj", "{52546013-2BC4-751D-86EC-0852B73E1BB0}"
EndProject
Project("{FAE04EC0-301F-11D3-BF4B-00C04F79EFBC}") = "Oculus.Interaction", "Oculus.Interaction.csproj", "{F50ED8C7-E701-B27A-D8E8-F4C52B4D322B}"
EndProject
Project("{FAE04EC0-301F-11D3-BF4B-00C04F79EFBC}") = "Meta.Voice.Samples.ShapesConduit", "Meta.Voice.Samples.ShapesConduit.csproj", "{760C4E98-7C16-5E12-8349-01C79B62B5D8}"
EndProject
Project("{FAE04EC0-301F-11D3-BF4B-00C04F79EFBC}") = "Meta.WitAi.Editor", "Meta.WitAi.Editor.csproj", "{D22C7347-837B-C7CA-142C-5BCA6C4198AD}"
EndProject
Project("{FAE04EC0-301F-11D3-BF4B-00C04F79EFBC}") = "Oculus.Platform", "Oculus.Platform.csproj", "{3127D5AC-90AB-FDEE-E55E-1E7B40CA5197}"
EndProject
Project("{FAE04EC0-301F-11D3-BF4B-00C04F79EFBC}") = "Meta.WitAi.Conduit.Editor", "Meta.WitAi.Conduit.Editor.csproj", "{F703A88E-C9DF-70CD-3FCA-76A294469DBE}"
EndProject
Project("{FAE04EC0-301F-11D3-BF4B-00C04F79EFBC}") = "Meta.WitAi", "Meta.WitAi.csproj", "{03BB9BCB-5D8C-8CF0-B799-63283D5880F1}"
EndProject
Project("{FAE04EC0-301F-11D3-BF4B-00C04F79EFBC}") = "Oculus.Interaction.OVR.Samples", "Oculus.Interaction.OVR.Samples.csproj", "{E1D7BB7B-8A1F-AEF2-2F2B-8826F52FB01B}"
EndProject
Project("{FAE04EC0-301F-11D3-BF4B-00C04F79EFBC}") = "Assembly-CSharp", "Assembly-CSharp.csproj", "{10E49361-F0AF-FBF8-11AD-E3EDC0FE28CD}"
EndProject
Project("{FAE04EC0-301F-11D3-BF4B-00C04F79EFBC}") = "Meta.WitAi.Lib", "Meta.WitAi.Lib.csproj", "{1B234909-139A-1C70-F26C-A45B2207E699}"
EndProject
Project("{FAE04EC0-301F-11D3-BF4B-00C04F79EFBC}") = "Oculus.VR.Editor", "Oculus.VR.Editor.csproj", "{BBF0BF9E-071A-4466-8609-50EDF9927028}"
EndProject
Project("{FAE04EC0-301F-11D3-BF4B-00C04F79EFBC}") = "Meta.Voice.Hub.Runtime", "Meta.Voice.Hub.Runtime.csproj", "{4E14E0E3-DD39-0EAA-2560-9F4A8F597821}"
EndProject
Project("{FAE04EC0-301F-11D3-BF4B-00C04F79EFBC}") = "VoiceSDK.Dictation.Runtime", "VoiceSDK.Dictation.Runtime.csproj", "{D7A1C5ED-0275-8F62-F3DD-360D2D11C237}"
EndProject
Project("{FAE04EC0-301F-11D3-BF4B-00C04F79EFBC}") = "Oculus.LipSync", "Oculus.LipSync.csproj", "{2CA9E8F4-741B-50DB-FB9B-3C1BC283FD47}"
EndProject
Project("{FAE04EC0-301F-11D3-BF4B-00C04F79EFBC}") = "Oculus.Interaction.OVR", "Oculus.Interaction.OVR.csproj", "{9F71060D-3075-E266-4D87-42BAB79A4BEC}"
EndProject
Project("{FAE04EC0-301F-11D3-BF4B-00C04F79EFBC}") = "Meta.Voice.Hub.Editor", "Meta.Voice.Hub.Editor.csproj", "{6F349E1E-0377-B435-1B40-818316E909F2}"
EndProject
Project("{FAE04EC0-301F-11D3-BF4B-00C04F79EFBC}") = "VoiceSDK.Editor", "VoiceSDK.Editor.csproj", "{DA0766DD-B5E9-6CCF-483F-52B6AA9DE165}"
EndProject
Project("{FAE04EC0-301F-11D3-BF4B-00C04F79EFBC}") = "Meta.WitAI.Lib.Editor", "Meta.WitAI.Lib.Editor.csproj", "{F76D76EC-311B-3715-7645-C0638BCBD4E0}"
EndProject
Project("{FAE04EC0-301F-11D3-BF4B-00C04F79EFBC}") = "Oculus.Spatializer.Editor", "Oculus.Spatializer.Editor.csproj", "{FBDD33BA-500C-F501-7CD8-02F318D1AD19}"
EndProject
Project("{FAE04EC0-301F-11D3-BF4B-00C04F79EFBC}") = "Oculus.AudioManager", "Oculus.AudioManager.csproj", "{572971A1-C6A6-C3DF-CCBD-9F832B9FAB66}"
EndProject
Project("{FAE04EC0-301F-11D3-BF4B-00C04F79EFBC}") = "AssistantCoreSDKRuntime", "AssistantCoreSDKRuntime.csproj", "{B0C7F443-44C4-6E84-377E-F41C80853855}"
EndProject
Project("{FAE04EC0-301F-11D3-BF4B-00C04F79EFBC}") = "VoiceSDK.Runtime", "VoiceSDK.Runtime.csproj", "{8FFC140B-054C-A24E-46A9-5A66386BBF00}"
EndProject
Project("{FAE04EC0-301F-11D3-BF4B-00C04F79EFBC}") = "Facebook.Wit.Dictation", "Facebook.Wit.Dictation.csproj", "{1D64C503-A76C-6D76-A2D5-1B86B326C7C8}"
EndProject
Project("{FAE04EC0-301F-11D3-BF4B-00C04F79EFBC}") = "Meta.Voice.Samples.BuiltInTimer", "Meta.Voice.Samples.BuiltInTimer.csproj", "{F671B835-4899-0375-9AEC-FD31C0F655A3}"
EndProject
Project("{FAE04EC0-301F-11D3-BF4B-00C04F79EFBC}") = "Oculus.Platform.Editor", "Oculus.Platform.Editor.csproj", "{167B1805-9D79-4CEA-556B-DBC4D1C19B2C}"
EndProject
Project("{FAE04EC0-301F-11D3-BF4B-00C04F79EFBC}") = "Meta.Voice.Samples.TTSVoices", "Meta.Voice.Samples.TTSVoices.csproj", "{7E35B947-31FA-4159-2ED5-F0C344A76167}"
EndProject
Project("{FAE04EC0-301F-11D3-BF4B-00C04F79EFBC}") = "Meta.Voice.VSDKHub.Editor", "Meta.Voice.VSDKHub.Editor.csproj", "{311C2B38-74E8-7DCD-1D6A-2BF5BEB8B4CE}"
EndProject
Project("{FAE04EC0-301F-11D3-BF4B-00C04F79EFBC}") = "Meta.WitAi.TTS", "Meta.WitAi.TTS.csproj", "{FFB62457-95E1-EF96-69C3-E2106F44ED83}"
EndProject
Project("{FAE04EC0-301F-11D3-BF4B-00C04F79EFBC}") = "Oculus.AudioManager.Audio.Editor", "Oculus.AudioManager.Audio.Editor.csproj", "{E29F2BBD-AAC8-80DE-B3FF-757C465243D8}"
EndProject
Project("{FAE04EC0-301F-11D3-BF4B-00C04F79EFBC}") = "Assembly-CSharp-Editor", "Assembly-CSharp-Editor.csproj", "{906C1AFF-1263-7498-2653-866724C69532}"
EndProject
Project("{FAE04EC0-301F-11D3-BF4B-00C04F79EFBC}") = "Meta.Voice.Samples.Chess", "Meta.Voice.Samples.Chess.csproj", "{644C47FF-06B8-BE46-AE26-5D743302CE26}"
EndProject
Project("{FAE04EC0-301F-11D3-BF4B-00C04F79EFBC}") = "Oculus.VR.Scripts.Editor", "Oculus.VR.Scripts.Editor.csproj", "{1FF089A7-2DB2-DCA5-98C5-30C96D7D8DFB}"
EndProject
Project("{FAE04EC0-301F-11D3-BF4B-00C04F79EFBC}") = "Meta.Voice.Samples.LightTraits", "Meta.Voice.Samples.LightTraits.csproj", "{98667852-418A-021F-D26C-86998358BFB3}"
EndProject
Project("{FAE04EC0-301F-11D3-BF4B-00C04F79EFBC}") = "VoiceSDK.Dictation.Samples", "VoiceSDK.Dictation.Samples.csproj", "{30DFC37C-0246-78BD-4FED-5742987FECF0}"
EndProject
Project("{FAE04EC0-301F-11D3-BF4B-00C04F79EFBC}") = "Meta.Voice.Samples.Shapes", "Meta.Voice.Samples.Shapes.csproj", "{E67C15A0-E04D-FB84-5B2E-48E3CFF7F7D7}"
EndProject
Project("{FAE04EC0-301F-11D3-BF4B-00C04F79EFBC}") = "Oculus.Interaction.Samples.Editor", "Oculus.Interaction.Samples.Editor.csproj", "{8FA4C2B2-2AB1-63A3-E76A-4AFCDD02BF9B}"
EndProject
Project("{FAE04EC0-301F-11D3-BF4B-00C04F79EFBC}") = "Meta.WitAi.TTS.Editor", "Meta.WitAi.TTS.Editor.csproj", "{5D1EC9A1-BD9A-5388-CDAF-F1CA89EDACCE}"
EndProject
Project("{FAE04EC0-301F-11D3-BF4B-00C04F79EFBC}") = "Oculus.Interaction.OVR.Editor", "Oculus.Interaction.OVR.Editor.csproj", "{4B60A7AD-EBA2-2A68-7155-EF91871CCCD1}"
EndProject
Project("{FAE04EC0-301F-11D3-BF4B-00C04F79EFBC}") = "Oculus.Spatializer", "Oculus.Spatializer.csproj", "{627754E8-7123-07CC-245E-C40409BA3ADA}"
EndProject
Project("{FAE04EC0-301F-11D3-BF4B-00C04F79EFBC}") = "Oculus.LipSync.Editor", "Oculus.LipSync.Editor.csproj", "{7153CDD4-18B0-E4B6-BE66-20D98C25A666}"
EndProject
Project("{FAE04EC0-301F-11D3-BF4B-00C04F79EFBC}") = "Oculus.AudioManager.Utils.Editor", "Oculus.AudioManager.Utils.Editor.csproj", "{0D16883A-28EA-AE9D-7CF7-251DDD48B5ED}"
EndProject
Project("{FAE04EC0-301F-11D3-BF4B-00C04F79EFBC}") = "Meta.VoiceSDK.Mic.Common", "Meta.VoiceSDK.Mic.Common.csproj", "{A68CD55B-2735-04DF-E8C9-2F07B9DDFD79}"
EndProject
Project("{FAE04EC0-301F-11D3-BF4B-00C04F79EFBC}") = "VoiceSDK.Dictation.Editor", "VoiceSDK.Dictation.Editor.csproj", "{23805E49-5E06-188F-A907-258CAC2645E7}"
EndProject
Project("{FAE04EC0-301F-11D3-BF4B-00C04F79EFBC}") = "Meta.VoiceSDK.Mic.Other", "Meta.VoiceSDK.Mic.Other.csproj", "{3AAE290A-67B6-21B6-0B45-338A9A6BAEDB}"
EndProject
Project("{FAE04EC0-301F-11D3-BF4B-00C04F79EFBC}") = "AssistantCoreSDKEditor", "AssistantCoreSDKEditor.csproj", "{EB14233A-CCB1-9C56-3B8F-2DAB23B7FA39}"
EndProject
Project("{FAE04EC0-301F-11D3-BF4B-00C04F79EFBC}") = "Oculus.Interaction.InterfaceSupport", "Oculus.Interaction.InterfaceSupport.csproj", "{DC121828-DF8B-C28E-1685-33C5AA3AC7ED}"
EndProject
Project("{FAE04EC0-301F-11D3-BF4B-00C04F79EFBC}") = "Meta.Voice.Samples.LiveUnderstanding", "Meta.Voice.Samples.LiveUnderstanding.csproj", "{1E40268B-0789-6B80-6CB6-F900669D49FC}"
EndProject
Project("{FAE04EC0-301F-11D3-BF4B-00C04F79EFBC}") = "Facebook.Wit.Dictation.Editor", "Facebook.Wit.Dictation.Editor.csproj", "{F72647C7-9B4F-EEE2-BA32-856BEC35A262}"
EndProject
Project("{FAE04EC0-301F-11D3-BF4B-00C04F79EFBC}") = "Meta.VoiceSDK.Mic.WebGL", "Meta.VoiceSDK.Mic.WebGL.csproj", "{BF9D9D27-90DC-DA08-006C-A370448E230C}"
EndProject
Global
	GlobalSection(SolutionConfigurationPlatforms) = preSolution
		Debug|Any CPU = Debug|Any CPU
		Release|Any CPU = Release|Any CPU
	EndGlobalSection
	GlobalSection(ProjectConfigurationPlatforms) = postSolution
		{DF52EE6E-0B12-18D1-3421-22B7C223703E}.Debug|Any CPU.ActiveCfg = Debug|Any CPU
		{DF52EE6E-0B12-18D1-3421-22B7C223703E}.Debug|Any CPU.Build.0 = Debug|Any CPU
		{DF52EE6E-0B12-18D1-3421-22B7C223703E}.Release|Any CPU.ActiveCfg = Release|Any CPU
		{DF52EE6E-0B12-18D1-3421-22B7C223703E}.Release|Any CPU.Build.0 = Release|Any CPU
		{2C6FDD83-4226-1503-80C9-3A581DCFE4FA}.Debug|Any CPU.ActiveCfg = Debug|Any CPU
		{2C6FDD83-4226-1503-80C9-3A581DCFE4FA}.Debug|Any CPU.Build.0 = Debug|Any CPU
		{2C6FDD83-4226-1503-80C9-3A581DCFE4FA}.Release|Any CPU.ActiveCfg = Release|Any CPU
		{2C6FDD83-4226-1503-80C9-3A581DCFE4FA}.Release|Any CPU.Build.0 = Release|Any CPU
		{52546013-2BC4-751D-86EC-0852B73E1BB0}.Debug|Any CPU.ActiveCfg = Debug|Any CPU
		{52546013-2BC4-751D-86EC-0852B73E1BB0}.Debug|Any CPU.Build.0 = Debug|Any CPU
		{52546013-2BC4-751D-86EC-0852B73E1BB0}.Release|Any CPU.ActiveCfg = Release|Any CPU
		{52546013-2BC4-751D-86EC-0852B73E1BB0}.Release|Any CPU.Build.0 = Release|Any CPU
		{F50ED8C7-E701-B27A-D8E8-F4C52B4D322B}.Debug|Any CPU.ActiveCfg = Debug|Any CPU
		{F50ED8C7-E701-B27A-D8E8-F4C52B4D322B}.Debug|Any CPU.Build.0 = Debug|Any CPU
		{F50ED8C7-E701-B27A-D8E8-F4C52B4D322B}.Release|Any CPU.ActiveCfg = Release|Any CPU
		{F50ED8C7-E701-B27A-D8E8-F4C52B4D322B}.Release|Any CPU.Build.0 = Release|Any CPU
		{760C4E98-7C16-5E12-8349-01C79B62B5D8}.Debug|Any CPU.ActiveCfg = Debug|Any CPU
		{760C4E98-7C16-5E12-8349-01C79B62B5D8}.Debug|Any CPU.Build.0 = Debug|Any CPU
		{760C4E98-7C16-5E12-8349-01C79B62B5D8}.Release|Any CPU.ActiveCfg = Release|Any CPU
		{760C4E98-7C16-5E12-8349-01C79B62B5D8}.Release|Any CPU.Build.0 = Release|Any CPU
		{D22C7347-837B-C7CA-142C-5BCA6C4198AD}.Debug|Any CPU.ActiveCfg = Debug|Any CPU
		{D22C7347-837B-C7CA-142C-5BCA6C4198AD}.Debug|Any CPU.Build.0 = Debug|Any CPU
		{D22C7347-837B-C7CA-142C-5BCA6C4198AD}.Release|Any CPU.ActiveCfg = Release|Any CPU
		{D22C7347-837B-C7CA-142C-5BCA6C4198AD}.Release|Any CPU.Build.0 = Release|Any CPU
		{3127D5AC-90AB-FDEE-E55E-1E7B40CA5197}.Debug|Any CPU.ActiveCfg = Debug|Any CPU
		{3127D5AC-90AB-FDEE-E55E-1E7B40CA5197}.Debug|Any CPU.Build.0 = Debug|Any CPU
		{3127D5AC-90AB-FDEE-E55E-1E7B40CA5197}.Release|Any CPU.ActiveCfg = Release|Any CPU
		{3127D5AC-90AB-FDEE-E55E-1E7B40CA5197}.Release|Any CPU.Build.0 = Release|Any CPU
		{F703A88E-C9DF-70CD-3FCA-76A294469DBE}.Debug|Any CPU.ActiveCfg = Debug|Any CPU
		{F703A88E-C9DF-70CD-3FCA-76A294469DBE}.Debug|Any CPU.Build.0 = Debug|Any CPU
		{F703A88E-C9DF-70CD-3FCA-76A294469DBE}.Release|Any CPU.ActiveCfg = Release|Any CPU
		{F703A88E-C9DF-70CD-3FCA-76A294469DBE}.Release|Any CPU.Build.0 = Release|Any CPU
		{03BB9BCB-5D8C-8CF0-B799-63283D5880F1}.Debug|Any CPU.ActiveCfg = Debug|Any CPU
		{03BB9BCB-5D8C-8CF0-B799-63283D5880F1}.Debug|Any CPU.Build.0 = Debug|Any CPU
		{03BB9BCB-5D8C-8CF0-B799-63283D5880F1}.Release|Any CPU.ActiveCfg = Release|Any CPU
		{03BB9BCB-5D8C-8CF0-B799-63283D5880F1}.Release|Any CPU.Build.0 = Release|Any CPU
		{E1D7BB7B-8A1F-AEF2-2F2B-8826F52FB01B}.Debug|Any CPU.ActiveCfg = Debug|Any CPU
		{E1D7BB7B-8A1F-AEF2-2F2B-8826F52FB01B}.Debug|Any CPU.Build.0 = Debug|Any CPU
		{E1D7BB7B-8A1F-AEF2-2F2B-8826F52FB01B}.Release|Any CPU.ActiveCfg = Release|Any CPU
		{E1D7BB7B-8A1F-AEF2-2F2B-8826F52FB01B}.Release|Any CPU.Build.0 = Release|Any CPU
		{10E49361-F0AF-FBF8-11AD-E3EDC0FE28CD}.Debug|Any CPU.ActiveCfg = Debug|Any CPU
		{10E49361-F0AF-FBF8-11AD-E3EDC0FE28CD}.Debug|Any CPU.Build.0 = Debug|Any CPU
		{10E49361-F0AF-FBF8-11AD-E3EDC0FE28CD}.Release|Any CPU.ActiveCfg = Release|Any CPU
		{10E49361-F0AF-FBF8-11AD-E3EDC0FE28CD}.Release|Any CPU.Build.0 = Release|Any CPU
		{1B234909-139A-1C70-F26C-A45B2207E699}.Debug|Any CPU.ActiveCfg = Debug|Any CPU
		{1B234909-139A-1C70-F26C-A45B2207E699}.Debug|Any CPU.Build.0 = Debug|Any CPU
		{1B234909-139A-1C70-F26C-A45B2207E699}.Release|Any CPU.ActiveCfg = Release|Any CPU
		{1B234909-139A-1C70-F26C-A45B2207E699}.Release|Any CPU.Build.0 = Release|Any CPU
		{BBF0BF9E-071A-4466-8609-50EDF9927028}.Debug|Any CPU.ActiveCfg = Debug|Any CPU
		{BBF0BF9E-071A-4466-8609-50EDF9927028}.Debug|Any CPU.Build.0 = Debug|Any CPU
		{BBF0BF9E-071A-4466-8609-50EDF9927028}.Release|Any CPU.ActiveCfg = Release|Any CPU
		{BBF0BF9E-071A-4466-8609-50EDF9927028}.Release|Any CPU.Build.0 = Release|Any CPU
		{4E14E0E3-DD39-0EAA-2560-9F4A8F597821}.Debug|Any CPU.ActiveCfg = Debug|Any CPU
		{4E14E0E3-DD39-0EAA-2560-9F4A8F597821}.Debug|Any CPU.Build.0 = Debug|Any CPU
		{4E14E0E3-DD39-0EAA-2560-9F4A8F597821}.Release|Any CPU.ActiveCfg = Release|Any CPU
		{4E14E0E3-DD39-0EAA-2560-9F4A8F597821}.Release|Any CPU.Build.0 = Release|Any CPU
		{D7A1C5ED-0275-8F62-F3DD-360D2D11C237}.Debug|Any CPU.ActiveCfg = Debug|Any CPU
		{D7A1C5ED-0275-8F62-F3DD-360D2D11C237}.Debug|Any CPU.Build.0 = Debug|Any CPU
		{D7A1C5ED-0275-8F62-F3DD-360D2D11C237}.Release|Any CPU.ActiveCfg = Release|Any CPU
		{D7A1C5ED-0275-8F62-F3DD-360D2D11C237}.Release|Any CPU.Build.0 = Release|Any CPU
		{2CA9E8F4-741B-50DB-FB9B-3C1BC283FD47}.Debug|Any CPU.ActiveCfg = Debug|Any CPU
		{2CA9E8F4-741B-50DB-FB9B-3C1BC283FD47}.Debug|Any CPU.Build.0 = Debug|Any CPU
		{2CA9E8F4-741B-50DB-FB9B-3C1BC283FD47}.Release|Any CPU.ActiveCfg = Release|Any CPU
		{2CA9E8F4-741B-50DB-FB9B-3C1BC283FD47}.Release|Any CPU.Build.0 = Release|Any CPU
		{9F71060D-3075-E266-4D87-42BAB79A4BEC}.Debug|Any CPU.ActiveCfg = Debug|Any CPU
		{9F71060D-3075-E266-4D87-42BAB79A4BEC}.Debug|Any CPU.Build.0 = Debug|Any CPU
		{9F71060D-3075-E266-4D87-42BAB79A4BEC}.Release|Any CPU.ActiveCfg = Release|Any CPU
		{9F71060D-3075-E266-4D87-42BAB79A4BEC}.Release|Any CPU.Build.0 = Release|Any CPU
		{6F349E1E-0377-B435-1B40-818316E909F2}.Debug|Any CPU.ActiveCfg = Debug|Any CPU
		{6F349E1E-0377-B435-1B40-818316E909F2}.Debug|Any CPU.Build.0 = Debug|Any CPU
		{6F349E1E-0377-B435-1B40-818316E909F2}.Release|Any CPU.ActiveCfg = Release|Any CPU
		{6F349E1E-0377-B435-1B40-818316E909F2}.Release|Any CPU.Build.0 = Release|Any CPU
		{DA0766DD-B5E9-6CCF-483F-52B6AA9DE165}.Debug|Any CPU.ActiveCfg = Debug|Any CPU
		{DA0766DD-B5E9-6CCF-483F-52B6AA9DE165}.Debug|Any CPU.Build.0 = Debug|Any CPU
		{DA0766DD-B5E9-6CCF-483F-52B6AA9DE165}.Release|Any CPU.ActiveCfg = Release|Any CPU
		{DA0766DD-B5E9-6CCF-483F-52B6AA9DE165}.Release|Any CPU.Build.0 = Release|Any CPU
		{F76D76EC-311B-3715-7645-C0638BCBD4E0}.Debug|Any CPU.ActiveCfg = Debug|Any CPU
		{F76D76EC-311B-3715-7645-C0638BCBD4E0}.Debug|Any CPU.Build.0 = Debug|Any CPU
		{F76D76EC-311B-3715-7645-C0638BCBD4E0}.Release|Any CPU.ActiveCfg = Release|Any CPU
		{F76D76EC-311B-3715-7645-C0638BCBD4E0}.Release|Any CPU.Build.0 = Release|Any CPU
		{FBDD33BA-500C-F501-7CD8-02F318D1AD19}.Debug|Any CPU.ActiveCfg = Debug|Any CPU
		{FBDD33BA-500C-F501-7CD8-02F318D1AD19}.Debug|Any CPU.Build.0 = Debug|Any CPU
		{FBDD33BA-500C-F501-7CD8-02F318D1AD19}.Release|Any CPU.ActiveCfg = Release|Any CPU
		{FBDD33BA-500C-F501-7CD8-02F318D1AD19}.Release|Any CPU.Build.0 = Release|Any CPU
		{572971A1-C6A6-C3DF-CCBD-9F832B9FAB66}.Debug|Any CPU.ActiveCfg = Debug|Any CPU
		{572971A1-C6A6-C3DF-CCBD-9F832B9FAB66}.Debug|Any CPU.Build.0 = Debug|Any CPU
		{572971A1-C6A6-C3DF-CCBD-9F832B9FAB66}.Release|Any CPU.ActiveCfg = Release|Any CPU
		{572971A1-C6A6-C3DF-CCBD-9F832B9FAB66}.Release|Any CPU.Build.0 = Release|Any CPU
		{B0C7F443-44C4-6E84-377E-F41C80853855}.Debug|Any CPU.ActiveCfg = Debug|Any CPU
		{B0C7F443-44C4-6E84-377E-F41C80853855}.Debug|Any CPU.Build.0 = Debug|Any CPU
		{B0C7F443-44C4-6E84-377E-F41C80853855}.Release|Any CPU.ActiveCfg = Release|Any CPU
		{B0C7F443-44C4-6E84-377E-F41C80853855}.Release|Any CPU.Build.0 = Release|Any CPU
		{8FFC140B-054C-A24E-46A9-5A66386BBF00}.Debug|Any CPU.ActiveCfg = Debug|Any CPU
		{8FFC140B-054C-A24E-46A9-5A66386BBF00}.Debug|Any CPU.Build.0 = Debug|Any CPU
		{8FFC140B-054C-A24E-46A9-5A66386BBF00}.Release|Any CPU.ActiveCfg = Release|Any CPU
		{8FFC140B-054C-A24E-46A9-5A66386BBF00}.Release|Any CPU.Build.0 = Release|Any CPU
		{1D64C503-A76C-6D76-A2D5-1B86B326C7C8}.Debug|Any CPU.ActiveCfg = Debug|Any CPU
		{1D64C503-A76C-6D76-A2D5-1B86B326C7C8}.Debug|Any CPU.Build.0 = Debug|Any CPU
		{1D64C503-A76C-6D76-A2D5-1B86B326C7C8}.Release|Any CPU.ActiveCfg = Release|Any CPU
		{1D64C503-A76C-6D76-A2D5-1B86B326C7C8}.Release|Any CPU.Build.0 = Release|Any CPU
		{F671B835-4899-0375-9AEC-FD31C0F655A3}.Debug|Any CPU.ActiveCfg = Debug|Any CPU
		{F671B835-4899-0375-9AEC-FD31C0F655A3}.Debug|Any CPU.Build.0 = Debug|Any CPU
		{F671B835-4899-0375-9AEC-FD31C0F655A3}.Release|Any CPU.ActiveCfg = Release|Any CPU
		{F671B835-4899-0375-9AEC-FD31C0F655A3}.Release|Any CPU.Build.0 = Release|Any CPU
		{167B1805-9D79-4CEA-556B-DBC4D1C19B2C}.Debug|Any CPU.ActiveCfg = Debug|Any CPU
		{167B1805-9D79-4CEA-556B-DBC4D1C19B2C}.Debug|Any CPU.Build.0 = Debug|Any CPU
		{167B1805-9D79-4CEA-556B-DBC4D1C19B2C}.Release|Any CPU.ActiveCfg = Release|Any CPU
		{167B1805-9D79-4CEA-556B-DBC4D1C19B2C}.Release|Any CPU.Build.0 = Release|Any CPU
		{7E35B947-31FA-4159-2ED5-F0C344A76167}.Debug|Any CPU.ActiveCfg = Debug|Any CPU
		{7E35B947-31FA-4159-2ED5-F0C344A76167}.Debug|Any CPU.Build.0 = Debug|Any CPU
		{7E35B947-31FA-4159-2ED5-F0C344A76167}.Release|Any CPU.ActiveCfg = Release|Any CPU
		{7E35B947-31FA-4159-2ED5-F0C344A76167}.Release|Any CPU.Build.0 = Release|Any CPU
		{311C2B38-74E8-7DCD-1D6A-2BF5BEB8B4CE}.Debug|Any CPU.ActiveCfg = Debug|Any CPU
		{311C2B38-74E8-7DCD-1D6A-2BF5BEB8B4CE}.Debug|Any CPU.Build.0 = Debug|Any CPU
		{311C2B38-74E8-7DCD-1D6A-2BF5BEB8B4CE}.Release|Any CPU.ActiveCfg = Release|Any CPU
		{311C2B38-74E8-7DCD-1D6A-2BF5BEB8B4CE}.Release|Any CPU.Build.0 = Release|Any CPU
		{FFB62457-95E1-EF96-69C3-E2106F44ED83}.Debug|Any CPU.ActiveCfg = Debug|Any CPU
		{FFB62457-95E1-EF96-69C3-E2106F44ED83}.Debug|Any CPU.Build.0 = Debug|Any CPU
		{FFB62457-95E1-EF96-69C3-E2106F44ED83}.Release|Any CPU.ActiveCfg = Release|Any CPU
		{FFB62457-95E1-EF96-69C3-E2106F44ED83}.Release|Any CPU.Build.0 = Release|Any CPU
		{E29F2BBD-AAC8-80DE-B3FF-757C465243D8}.Debug|Any CPU.ActiveCfg = Debug|Any CPU
		{E29F2BBD-AAC8-80DE-B3FF-757C465243D8}.Debug|Any CPU.Build.0 = Debug|Any CPU
		{E29F2BBD-AAC8-80DE-B3FF-757C465243D8}.Release|Any CPU.ActiveCfg = Release|Any CPU
		{E29F2BBD-AAC8-80DE-B3FF-757C465243D8}.Release|Any CPU.Build.0 = Release|Any CPU
		{906C1AFF-1263-7498-2653-866724C69532}.Debug|Any CPU.ActiveCfg = Debug|Any CPU
		{906C1AFF-1263-7498-2653-866724C69532}.Debug|Any CPU.Build.0 = Debug|Any CPU
		{906C1AFF-1263-7498-2653-866724C69532}.Release|Any CPU.ActiveCfg = Release|Any CPU
		{906C1AFF-1263-7498-2653-866724C69532}.Release|Any CPU.Build.0 = Release|Any CPU
		{644C47FF-06B8-BE46-AE26-5D743302CE26}.Debug|Any CPU.ActiveCfg = Debug|Any CPU
		{644C47FF-06B8-BE46-AE26-5D743302CE26}.Debug|Any CPU.Build.0 = Debug|Any CPU
		{644C47FF-06B8-BE46-AE26-5D743302CE26}.Release|Any CPU.ActiveCfg = Release|Any CPU
		{644C47FF-06B8-BE46-AE26-5D743302CE26}.Release|Any CPU.Build.0 = Release|Any CPU
		{1FF089A7-2DB2-DCA5-98C5-30C96D7D8DFB}.Debug|Any CPU.ActiveCfg = Debug|Any CPU
		{1FF089A7-2DB2-DCA5-98C5-30C96D7D8DFB}.Debug|Any CPU.Build.0 = Debug|Any CPU
		{1FF089A7-2DB2-DCA5-98C5-30C96D7D8DFB}.Release|Any CPU.ActiveCfg = Release|Any CPU
		{1FF089A7-2DB2-DCA5-98C5-30C96D7D8DFB}.Release|Any CPU.Build.0 = Release|Any CPU
		{98667852-418A-021F-D26C-86998358BFB3}.Debug|Any CPU.ActiveCfg = Debug|Any CPU
		{98667852-418A-021F-D26C-86998358BFB3}.Debug|Any CPU.Build.0 = Debug|Any CPU
		{98667852-418A-021F-D26C-86998358BFB3}.Release|Any CPU.ActiveCfg = Release|Any CPU
		{98667852-418A-021F-D26C-86998358BFB3}.Release|Any CPU.Build.0 = Release|Any CPU
		{30DFC37C-0246-78BD-4FED-5742987FECF0}.Debug|Any CPU.ActiveCfg = Debug|Any CPU
		{30DFC37C-0246-78BD-4FED-5742987FECF0}.Debug|Any CPU.Build.0 = Debug|Any CPU
		{30DFC37C-0246-78BD-4FED-5742987FECF0}.Release|Any CPU.ActiveCfg = Release|Any CPU
		{30DFC37C-0246-78BD-4FED-5742987FECF0}.Release|Any CPU.Build.0 = Release|Any CPU
		{E67C15A0-E04D-FB84-5B2E-48E3CFF7F7D7}.Debug|Any CPU.ActiveCfg = Debug|Any CPU
		{E67C15A0-E04D-FB84-5B2E-48E3CFF7F7D7}.Debug|Any CPU.Build.0 = Debug|Any CPU
		{E67C15A0-E04D-FB84-5B2E-48E3CFF7F7D7}.Release|Any CPU.ActiveCfg = Release|Any CPU
		{E67C15A0-E04D-FB84-5B2E-48E3CFF7F7D7}.Release|Any CPU.Build.0 = Release|Any CPU
		{8FA4C2B2-2AB1-63A3-E76A-4AFCDD02BF9B}.Debug|Any CPU.ActiveCfg = Debug|Any CPU
		{8FA4C2B2-2AB1-63A3-E76A-4AFCDD02BF9B}.Debug|Any CPU.Build.0 = Debug|Any CPU
		{8FA4C2B2-2AB1-63A3-E76A-4AFCDD02BF9B}.Release|Any CPU.ActiveCfg = Release|Any CPU
		{8FA4C2B2-2AB1-63A3-E76A-4AFCDD02BF9B}.Release|Any CPU.Build.0 = Release|Any CPU
		{5D1EC9A1-BD9A-5388-CDAF-F1CA89EDACCE}.Debug|Any CPU.ActiveCfg = Debug|Any CPU
		{5D1EC9A1-BD9A-5388-CDAF-F1CA89EDACCE}.Debug|Any CPU.Build.0 = Debug|Any CPU
		{5D1EC9A1-BD9A-5388-CDAF-F1CA89EDACCE}.Release|Any CPU.ActiveCfg = Release|Any CPU
		{5D1EC9A1-BD9A-5388-CDAF-F1CA89EDACCE}.Release|Any CPU.Build.0 = Release|Any CPU
		{4B60A7AD-EBA2-2A68-7155-EF91871CCCD1}.Debug|Any CPU.ActiveCfg = Debug|Any CPU
		{4B60A7AD-EBA2-2A68-7155-EF91871CCCD1}.Debug|Any CPU.Build.0 = Debug|Any CPU
		{4B60A7AD-EBA2-2A68-7155-EF91871CCCD1}.Release|Any CPU.ActiveCfg = Release|Any CPU
		{4B60A7AD-EBA2-2A68-7155-EF91871CCCD1}.Release|Any CPU.Build.0 = Release|Any CPU
		{627754E8-7123-07CC-245E-C40409BA3ADA}.Debug|Any CPU.ActiveCfg = Debug|Any CPU
		{627754E8-7123-07CC-245E-C40409BA3ADA}.Debug|Any CPU.Build.0 = Debug|Any CPU
		{627754E8-7123-07CC-245E-C40409BA3ADA}.Release|Any CPU.ActiveCfg = Release|Any CPU
		{627754E8-7123-07CC-245E-C40409BA3ADA}.Release|Any CPU.Build.0 = Release|Any CPU
		{7153CDD4-18B0-E4B6-BE66-20D98C25A666}.Debug|Any CPU.ActiveCfg = Debug|Any CPU
		{7153CDD4-18B0-E4B6-BE66-20D98C25A666}.Debug|Any CPU.Build.0 = Debug|Any CPU
		{7153CDD4-18B0-E4B6-BE66-20D98C25A666}.Release|Any CPU.ActiveCfg = Release|Any CPU
		{7153CDD4-18B0-E4B6-BE66-20D98C25A666}.Release|Any CPU.Build.0 = Release|Any CPU
		{0D16883A-28EA-AE9D-7CF7-251DDD48B5ED}.Debug|Any CPU.ActiveCfg = Debug|Any CPU
		{0D16883A-28EA-AE9D-7CF7-251DDD48B5ED}.Debug|Any CPU.Build.0 = Debug|Any CPU
		{0D16883A-28EA-AE9D-7CF7-251DDD48B5ED}.Release|Any CPU.ActiveCfg = Release|Any CPU
		{0D16883A-28EA-AE9D-7CF7-251DDD48B5ED}.Release|Any CPU.Build.0 = Release|Any CPU
		{A68CD55B-2735-04DF-E8C9-2F07B9DDFD79}.Debug|Any CPU.ActiveCfg = Debug|Any CPU
		{A68CD55B-2735-04DF-E8C9-2F07B9DDFD79}.Debug|Any CPU.Build.0 = Debug|Any CPU
		{A68CD55B-2735-04DF-E8C9-2F07B9DDFD79}.Release|Any CPU.ActiveCfg = Release|Any CPU
		{A68CD55B-2735-04DF-E8C9-2F07B9DDFD79}.Release|Any CPU.Build.0 = Release|Any CPU
		{23805E49-5E06-188F-A907-258CAC2645E7}.Debug|Any CPU.ActiveCfg = Debug|Any CPU
		{23805E49-5E06-188F-A907-258CAC2645E7}.Debug|Any CPU.Build.0 = Debug|Any CPU
		{23805E49-5E06-188F-A907-258CAC2645E7}.Release|Any CPU.ActiveCfg = Release|Any CPU
		{23805E49-5E06-188F-A907-258CAC2645E7}.Release|Any CPU.Build.0 = Release|Any CPU
		{3AAE290A-67B6-21B6-0B45-338A9A6BAEDB}.Debug|Any CPU.ActiveCfg = Debug|Any CPU
		{3AAE290A-67B6-21B6-0B45-338A9A6BAEDB}.Debug|Any CPU.Build.0 = Debug|Any CPU
		{3AAE290A-67B6-21B6-0B45-338A9A6BAEDB}.Release|Any CPU.ActiveCfg = Release|Any CPU
		{3AAE290A-67B6-21B6-0B45-338A9A6BAEDB}.Release|Any CPU.Build.0 = Release|Any CPU
		{EB14233A-CCB1-9C56-3B8F-2DAB23B7FA39}.Debug|Any CPU.ActiveCfg = Debug|Any CPU
		{EB14233A-CCB1-9C56-3B8F-2DAB23B7FA39}.Debug|Any CPU.Build.0 = Debug|Any CPU
		{EB14233A-CCB1-9C56-3B8F-2DAB23B7FA39}.Release|Any CPU.ActiveCfg = Release|Any CPU
		{EB14233A-CCB1-9C56-3B8F-2DAB23B7FA39}.Release|Any CPU.Build.0 = Release|Any CPU
		{DC121828-DF8B-C28E-1685-33C5AA3AC7ED}.Debug|Any CPU.ActiveCfg = Debug|Any CPU
		{DC121828-DF8B-C28E-1685-33C5AA3AC7ED}.Debug|Any CPU.Build.0 = Debug|Any CPU
		{DC121828-DF8B-C28E-1685-33C5AA3AC7ED}.Release|Any CPU.ActiveCfg = Release|Any CPU
		{DC121828-DF8B-C28E-1685-33C5AA3AC7ED}.Release|Any CPU.Build.0 = Release|Any CPU
		{1E40268B-0789-6B80-6CB6-F900669D49FC}.Debug|Any CPU.ActiveCfg = Debug|Any CPU
		{1E40268B-0789-6B80-6CB6-F900669D49FC}.Debug|Any CPU.Build.0 = Debug|Any CPU
		{1E40268B-0789-6B80-6CB6-F900669D49FC}.Release|Any CPU.ActiveCfg = Release|Any CPU
		{1E40268B-0789-6B80-6CB6-F900669D49FC}.Release|Any CPU.Build.0 = Release|Any CPU
		{F72647C7-9B4F-EEE2-BA32-856BEC35A262}.Debug|Any CPU.ActiveCfg = Debug|Any CPU
		{F72647C7-9B4F-EEE2-BA32-856BEC35A262}.Debug|Any CPU.Build.0 = Debug|Any CPU
		{F72647C7-9B4F-EEE2-BA32-856BEC35A262}.Release|Any CPU.ActiveCfg = Release|Any CPU
		{F72647C7-9B4F-EEE2-BA32-856BEC35A262}.Release|Any CPU.Build.0 = Release|Any CPU
		{BF9D9D27-90DC-DA08-006C-A370448E230C}.Debug|Any CPU.ActiveCfg = Debug|Any CPU
		{BF9D9D27-90DC-DA08-006C-A370448E230C}.Debug|Any CPU.Build.0 = Debug|Any CPU
		{BF9D9D27-90DC-DA08-006C-A370448E230C}.Release|Any CPU.ActiveCfg = Release|Any CPU
		{BF9D9D27-90DC-DA08-006C-A370448E230C}.Release|Any CPU.Build.0 = Release|Any CPU
	EndGlobalSection
	GlobalSection(SolutionProperties) = preSolution
		HideSolutionNode = FALSE
	EndGlobalSection
EndGlobal
